// !$*UTF8*$!
{
	archiveVersion = 1;
	classes = {
	};
	objectVersion = 50;
	objects = {

/* Begin PBXBuildFile section */
		2B6BE34D26C3DEEB00EDD68A /* BlotoutFoundation.framework in Frameworks */ = {isa = PBXBuildFile; fileRef = 2B6BE34426C3DEEB00EDD68A /* BlotoutFoundation.framework */; };
		2B6BE35226C3DEEB00EDD68A /* BlotoutFoundationTests.m in Sources */ = {isa = PBXBuildFile; fileRef = 2B6BE35126C3DEEB00EDD68A /* BlotoutFoundationTests.m */; };
		2B6BE37026C3DF3700EDD68A /* BlotoutFoundation.h in Headers */ = {isa = PBXBuildFile; fileRef = 2B6BE36F26C3DF3700EDD68A /* BlotoutFoundation.h */; settings = {ATTRIBUTES = (Public, ); }; };
		2B6BE37526C3E01500EDD68A /* BOFLogs.m in Sources */ = {isa = PBXBuildFile; fileRef = 74F9DAD623379FB700CBB160 /* BOFLogs.m */; };
		2B6BE37626C3E01500EDD68A /* BOFFileSystemManager.m in Sources */ = {isa = PBXBuildFile; fileRef = 74A92E2022EC9175006BE5AD /* BOFFileSystemManager.m */; };
		2B6BE37726C3E01500EDD68A /* BOCrypt.m in Sources */ = {isa = PBXBuildFile; fileRef = E893FD8B24D5971000EDE4DD /* BOCrypt.m */; };
		2B6BE37826C3E01500EDD68A /* NSData+Base64.m in Sources */ = {isa = PBXBuildFile; fileRef = E893FD8124D5938B00EDE4DD /* NSData+Base64.m */; };
		2B6BE37926C3E01500EDD68A /* NSData+CommonCrypto.m in Sources */ = {isa = PBXBuildFile; fileRef = E893FD8324D5938B00EDE4DD /* NSData+CommonCrypto.m */; };
		2B6BE37A26C3E01500EDD68A /* NSString+Base64.m in Sources */ = {isa = PBXBuildFile; fileRef = E893FD8524D5938B00EDE4DD /* NSString+Base64.m */; };
		2B6BE37B26C3E01500EDD68A /* BOReachability.m in Sources */ = {isa = PBXBuildFile; fileRef = 2BCB87952327C5B800AD2390 /* BOReachability.m */; };
		2B6BE37C26C3E01500EDD68A /* BOFUtilities.m in Sources */ = {isa = PBXBuildFile; fileRef = 74A92E1622EC85CE006BE5AD /* BOFUtilities.m */; };
		2B6BE37D26C3E01500EDD68A /* BOFUserDefaults.m in Sources */ = {isa = PBXBuildFile; fileRef = 74A92E4922EDF929006BE5AD /* BOFUserDefaults.m */; };
		2B6BE37E26C3E01500EDD68A /* BOFNetworkPromise.m in Sources */ = {isa = PBXBuildFile; fileRef = 74A92E0322EB1A0C006BE5AD /* BOFNetworkPromise.m */; };
		2B6BE37F26C3E01500EDD68A /* BOFNetworkPromiseExecutor.m in Sources */ = {isa = PBXBuildFile; fileRef = 74A92E0B22EC818D006BE5AD /* BOFNetworkPromiseExecutor.m */; };
		2B6BE38026C3E01600EDD68A /* BlotoutFoundationSDK.m in Sources */ = {isa = PBXBuildFile; fileRef = 7435E8B022E98F5C008480B8 /* BlotoutFoundationSDK.m */; };
		2B6BE38326C3E03000EDD68A /* BOFLogs.h in Headers */ = {isa = PBXBuildFile; fileRef = 74F9DAD723379FB700CBB160 /* BOFLogs.h */; settings = {ATTRIBUTES = (Public, ); }; };
		2B6BE38426C3E03000EDD68A /* BOFFileSystemManager.h in Headers */ = {isa = PBXBuildFile; fileRef = 74A92E1F22EC9175006BE5AD /* BOFFileSystemManager.h */; settings = {ATTRIBUTES = (Public, ); }; };
		2B6BE38526C3E03000EDD68A /* BOCrypt.h in Headers */ = {isa = PBXBuildFile; fileRef = E893FD8A24D5971000EDE4DD /* BOCrypt.h */; settings = {ATTRIBUTES = (Public, ); }; };
		2B6BE38626C3E03000EDD68A /* NSData+Base64.h in Headers */ = {isa = PBXBuildFile; fileRef = E893FD8024D5938B00EDE4DD /* NSData+Base64.h */; settings = {ATTRIBUTES = (Public, ); }; };
		2B6BE38726C3E03000EDD68A /* NSData+CommonCrypto.h in Headers */ = {isa = PBXBuildFile; fileRef = E893FD8224D5938B00EDE4DD /* NSData+CommonCrypto.h */; settings = {ATTRIBUTES = (Public, ); }; };
		2B6BE38826C3E03000EDD68A /* NSString+Base64.h in Headers */ = {isa = PBXBuildFile; fileRef = E893FD8424D5938B00EDE4DD /* NSString+Base64.h */; settings = {ATTRIBUTES = (Public, ); }; };
		2B6BE38926C3E03000EDD68A /* BOReachability.h in Headers */ = {isa = PBXBuildFile; fileRef = 2BCB87962327C5B800AD2390 /* BOReachability.h */; settings = {ATTRIBUTES = (Public, ); }; };
		2B6BE38A26C3E03000EDD68A /* BOFUtilities.h in Headers */ = {isa = PBXBuildFile; fileRef = 74A92E1722EC85CE006BE5AD /* BOFUtilities.h */; settings = {ATTRIBUTES = (Public, ); }; };
		2B6BE38B26C3E03000EDD68A /* BOFUserDefaults.h in Headers */ = {isa = PBXBuildFile; fileRef = 74A92E4822EDF929006BE5AD /* BOFUserDefaults.h */; settings = {ATTRIBUTES = (Public, ); }; };
		2B6BE38C26C3E03000EDD68A /* BOFNetworkPromise.h in Headers */ = {isa = PBXBuildFile; fileRef = 74A92E0222EB1A0C006BE5AD /* BOFNetworkPromise.h */; settings = {ATTRIBUTES = (Public, ); }; };
		2B6BE38D26C3E03000EDD68A /* BOFNetworkPromiseExecutor.h in Headers */ = {isa = PBXBuildFile; fileRef = 74A92E0A22EC818D006BE5AD /* BOFNetworkPromiseExecutor.h */; settings = {ATTRIBUTES = (Public, ); }; };
		2B6BE38E26C3E03000EDD68A /* BOFNetworkPromise_Private.h in Headers */ = {isa = PBXBuildFile; fileRef = 74A92E0E22EC82D3006BE5AD /* BOFNetworkPromise_Private.h */; settings = {ATTRIBUTES = (Public, ); }; };
		2B6BE38F26C3E03000EDD68A /* BOFNetworkPromiseExecutor_Private.h in Headers */ = {isa = PBXBuildFile; fileRef = 74A92E0F22EC8309006BE5AD /* BOFNetworkPromiseExecutor_Private.h */; settings = {ATTRIBUTES = (Public, ); }; };
		2B6BE39026C3E03000EDD68A /* BOFNetworkPromiseProtocols.h in Headers */ = {isa = PBXBuildFile; fileRef = 74A92E1022EC844A006BE5AD /* BOFNetworkPromiseProtocols.h */; settings = {ATTRIBUTES = (Public, ); }; };
		2B6BE39126C3E03000EDD68A /* BOFConstants.h in Headers */ = {isa = PBXBuildFile; fileRef = 74A92E1C22EC877F006BE5AD /* BOFConstants.h */; settings = {ATTRIBUTES = (Public, ); }; };
		2B6BE39B26C3E1F800EDD68A /* BlotoutFoundationSDK.h in Headers */ = {isa = PBXBuildFile; fileRef = 2B6BE39826C3E11000EDD68A /* BlotoutFoundationSDK.h */; settings = {ATTRIBUTES = (Public, ); }; };
/* End PBXBuildFile section */

/* Begin PBXContainerItemProxy section */
		2B6BE34E26C3DEEB00EDD68A /* PBXContainerItemProxy */ = {
			isa = PBXContainerItemProxy;
			containerPortal = 7435E8A422E98F5C008480B8 /* Project object */;
			proxyType = 1;
			remoteGlobalIDString = 2B6BE34326C3DEEB00EDD68A;
			remoteInfo = BlotoutFoundation;
		};
/* End PBXContainerItemProxy section */

/* Begin PBXFileReference section */
		2B6BE34426C3DEEB00EDD68A /* BlotoutFoundation.framework */ = {isa = PBXFileReference; explicitFileType = wrapper.framework; includeInIndex = 0; path = BlotoutFoundation.framework; sourceTree = BUILT_PRODUCTS_DIR; };
		2B6BE34726C3DEEB00EDD68A /* Info.plist */ = {isa = PBXFileReference; lastKnownFileType = text.plist.xml; path = Info.plist; sourceTree = "<group>"; };
		2B6BE34C26C3DEEB00EDD68A /* BlotoutFoundationTests.xctest */ = {isa = PBXFileReference; explicitFileType = wrapper.cfbundle; includeInIndex = 0; path = BlotoutFoundationTests.xctest; sourceTree = BUILT_PRODUCTS_DIR; };
		2B6BE35126C3DEEB00EDD68A /* BlotoutFoundationTests.m */ = {isa = PBXFileReference; lastKnownFileType = sourcecode.c.objc; path = BlotoutFoundationTests.m; sourceTree = "<group>"; };
		2B6BE35326C3DEEB00EDD68A /* Info.plist */ = {isa = PBXFileReference; lastKnownFileType = text.plist.xml; path = Info.plist; sourceTree = "<group>"; };
		2B6BE36F26C3DF3700EDD68A /* BlotoutFoundation.h */ = {isa = PBXFileReference; fileEncoding = 4; lastKnownFileType = sourcecode.c.h; path = BlotoutFoundation.h; sourceTree = "<group>"; };
		2B6BE39826C3E11000EDD68A /* BlotoutFoundationSDK.h */ = {isa = PBXFileReference; lastKnownFileType = sourcecode.c.h; path = BlotoutFoundationSDK.h; sourceTree = "<group>"; };
		2BCB87952327C5B800AD2390 /* BOReachability.m */ = {isa = PBXFileReference; fileEncoding = 4; lastKnownFileType = sourcecode.c.objc; path = BOReachability.m; sourceTree = "<group>"; };
		2BCB87962327C5B800AD2390 /* BOReachability.h */ = {isa = PBXFileReference; fileEncoding = 4; lastKnownFileType = sourcecode.c.h; path = BOReachability.h; sourceTree = "<group>"; };
		7435E8B022E98F5C008480B8 /* BlotoutFoundationSDK.m */ = {isa = PBXFileReference; lastKnownFileType = sourcecode.c.objc; path = BlotoutFoundationSDK.m; sourceTree = "<group>"; };
		74A92E0222EB1A0C006BE5AD /* BOFNetworkPromise.h */ = {isa = PBXFileReference; lastKnownFileType = sourcecode.c.h; path = BOFNetworkPromise.h; sourceTree = "<group>"; };
		74A92E0322EB1A0C006BE5AD /* BOFNetworkPromise.m */ = {isa = PBXFileReference; lastKnownFileType = sourcecode.c.objc; path = BOFNetworkPromise.m; sourceTree = "<group>"; };
		74A92E0A22EC818D006BE5AD /* BOFNetworkPromiseExecutor.h */ = {isa = PBXFileReference; lastKnownFileType = sourcecode.c.h; path = BOFNetworkPromiseExecutor.h; sourceTree = "<group>"; };
		74A92E0B22EC818D006BE5AD /* BOFNetworkPromiseExecutor.m */ = {isa = PBXFileReference; lastKnownFileType = sourcecode.c.objc; path = BOFNetworkPromiseExecutor.m; sourceTree = "<group>"; };
		74A92E0E22EC82D3006BE5AD /* BOFNetworkPromise_Private.h */ = {isa = PBXFileReference; lastKnownFileType = sourcecode.c.h; path = BOFNetworkPromise_Private.h; sourceTree = "<group>"; };
		74A92E0F22EC8309006BE5AD /* BOFNetworkPromiseExecutor_Private.h */ = {isa = PBXFileReference; lastKnownFileType = sourcecode.c.h; path = BOFNetworkPromiseExecutor_Private.h; sourceTree = "<group>"; };
		74A92E1022EC844A006BE5AD /* BOFNetworkPromiseProtocols.h */ = {isa = PBXFileReference; lastKnownFileType = sourcecode.c.h; path = BOFNetworkPromiseProtocols.h; sourceTree = "<group>"; };
		74A92E1622EC85CE006BE5AD /* BOFUtilities.m */ = {isa = PBXFileReference; fileEncoding = 4; lastKnownFileType = sourcecode.c.objc; path = BOFUtilities.m; sourceTree = "<group>"; };
		74A92E1722EC85CE006BE5AD /* BOFUtilities.h */ = {isa = PBXFileReference; fileEncoding = 4; lastKnownFileType = sourcecode.c.h; path = BOFUtilities.h; sourceTree = "<group>"; };
		74A92E1C22EC877F006BE5AD /* BOFConstants.h */ = {isa = PBXFileReference; lastKnownFileType = sourcecode.c.h; path = BOFConstants.h; sourceTree = "<group>"; };
		74A92E1F22EC9175006BE5AD /* BOFFileSystemManager.h */ = {isa = PBXFileReference; lastKnownFileType = sourcecode.c.h; path = BOFFileSystemManager.h; sourceTree = "<group>"; };
		74A92E2022EC9175006BE5AD /* BOFFileSystemManager.m */ = {isa = PBXFileReference; lastKnownFileType = sourcecode.c.objc; path = BOFFileSystemManager.m; sourceTree = "<group>"; };
		74A92E4822EDF929006BE5AD /* BOFUserDefaults.h */ = {isa = PBXFileReference; lastKnownFileType = sourcecode.c.h; path = BOFUserDefaults.h; sourceTree = "<group>"; };
		74A92E4922EDF929006BE5AD /* BOFUserDefaults.m */ = {isa = PBXFileReference; lastKnownFileType = sourcecode.c.objc; path = BOFUserDefaults.m; sourceTree = "<group>"; };
		74F9DAD623379FB700CBB160 /* BOFLogs.m */ = {isa = PBXFileReference; fileEncoding = 4; lastKnownFileType = sourcecode.c.objc; path = BOFLogs.m; sourceTree = "<group>"; };
		74F9DAD723379FB700CBB160 /* BOFLogs.h */ = {isa = PBXFileReference; fileEncoding = 4; lastKnownFileType = sourcecode.c.h; path = BOFLogs.h; sourceTree = "<group>"; };
		E893FD8024D5938B00EDE4DD /* NSData+Base64.h */ = {isa = PBXFileReference; fileEncoding = 4; lastKnownFileType = sourcecode.c.h; path = "NSData+Base64.h"; sourceTree = "<group>"; };
		E893FD8124D5938B00EDE4DD /* NSData+Base64.m */ = {isa = PBXFileReference; fileEncoding = 4; lastKnownFileType = sourcecode.c.objc; path = "NSData+Base64.m"; sourceTree = "<group>"; };
		E893FD8224D5938B00EDE4DD /* NSData+CommonCrypto.h */ = {isa = PBXFileReference; fileEncoding = 4; lastKnownFileType = sourcecode.c.h; path = "NSData+CommonCrypto.h"; sourceTree = "<group>"; };
		E893FD8324D5938B00EDE4DD /* NSData+CommonCrypto.m */ = {isa = PBXFileReference; fileEncoding = 4; lastKnownFileType = sourcecode.c.objc; path = "NSData+CommonCrypto.m"; sourceTree = "<group>"; };
		E893FD8424D5938B00EDE4DD /* NSString+Base64.h */ = {isa = PBXFileReference; fileEncoding = 4; lastKnownFileType = sourcecode.c.h; path = "NSString+Base64.h"; sourceTree = "<group>"; };
		E893FD8524D5938B00EDE4DD /* NSString+Base64.m */ = {isa = PBXFileReference; fileEncoding = 4; lastKnownFileType = sourcecode.c.objc; path = "NSString+Base64.m"; sourceTree = "<group>"; };
		E893FD8A24D5971000EDE4DD /* BOCrypt.h */ = {isa = PBXFileReference; fileEncoding = 4; lastKnownFileType = sourcecode.c.h; path = BOCrypt.h; sourceTree = "<group>"; };
		E893FD8B24D5971000EDE4DD /* BOCrypt.m */ = {isa = PBXFileReference; fileEncoding = 4; lastKnownFileType = sourcecode.c.objc; path = BOCrypt.m; sourceTree = "<group>"; };
/* End PBXFileReference section */

/* Begin PBXFrameworksBuildPhase section */
		2B6BE34126C3DEEB00EDD68A /* Frameworks */ = {
			isa = PBXFrameworksBuildPhase;
			buildActionMask = 2147483647;
			files = (
			);
			runOnlyForDeploymentPostprocessing = 0;
		};
		2B6BE34926C3DEEB00EDD68A /* Frameworks */ = {
			isa = PBXFrameworksBuildPhase;
			buildActionMask = 2147483647;
			files = (
				2B6BE34D26C3DEEB00EDD68A /* BlotoutFoundation.framework in Frameworks */,
			);
			runOnlyForDeploymentPostprocessing = 0;
		};
/* End PBXFrameworksBuildPhase section */

/* Begin PBXGroup section */
		2B6BE35026C3DEEB00EDD68A /* BlotoutFoundationTests */ = {
			isa = PBXGroup;
			children = (
				2B6BE35126C3DEEB00EDD68A /* BlotoutFoundationTests.m */,
				2B6BE35326C3DEEB00EDD68A /* Info.plist */,
			);
			path = BlotoutFoundationTests;
			sourceTree = "<group>";
		};
		7435E8A322E98F5C008480B8 = {
			isa = PBXGroup;
			children = (
				74A92D7622EB0AC8006BE5AD /* BlotoutFoundationAll */,
				7435E8AE22E98F5C008480B8 /* BlotoutFoundation */,
				2B6BE35026C3DEEB00EDD68A /* BlotoutFoundationTests */,
				7435E8AD22E98F5C008480B8 /* Products */,
			);
			sourceTree = "<group>";
		};
		7435E8AD22E98F5C008480B8 /* Products */ = {
			isa = PBXGroup;
			children = (
				2B6BE34426C3DEEB00EDD68A /* BlotoutFoundation.framework */,
				2B6BE34C26C3DEEB00EDD68A /* BlotoutFoundationTests.xctest */,
			);
			name = Products;
			sourceTree = "<group>";
		};
		7435E8AE22E98F5C008480B8 /* BlotoutFoundation */ = {
			isa = PBXGroup;
			children = (
				2B6BE36F26C3DF3700EDD68A /* BlotoutFoundation.h */,
				2B6BE39826C3E11000EDD68A /* BlotoutFoundationSDK.h */,
				7435E8B022E98F5C008480B8 /* BlotoutFoundationSDK.m */,
				2B6BE34726C3DEEB00EDD68A /* Info.plist */,
			);
			path = BlotoutFoundation;
			sourceTree = "<group>";
		};
		74A92D7622EB0AC8006BE5AD /* BlotoutFoundationAll */ = {
			isa = PBXGroup;
			children = (
				74F9DAD523379FB700CBB160 /* BOFLogs */,
				74A92E1E22EC913E006BE5AD /* BOFStorage */,
				74A92E1522EC85CE006BE5AD /* BOFUtilities */,
				74A92D7722EB0AC8006BE5AD /* BOFNetwork */,
				74A92E1C22EC877F006BE5AD /* BOFConstants.h */,
			);
			path = BlotoutFoundationAll;
			sourceTree = "<group>";
		};
		74A92D7722EB0AC8006BE5AD /* BOFNetwork */ = {
			isa = PBXGroup;
			children = (
				74A92E0222EB1A0C006BE5AD /* BOFNetworkPromise.h */,
				74A92E0322EB1A0C006BE5AD /* BOFNetworkPromise.m */,
				74A92E0A22EC818D006BE5AD /* BOFNetworkPromiseExecutor.h */,
				74A92E0B22EC818D006BE5AD /* BOFNetworkPromiseExecutor.m */,
				74A92E0E22EC82D3006BE5AD /* BOFNetworkPromise_Private.h */,
				74A92E0F22EC8309006BE5AD /* BOFNetworkPromiseExecutor_Private.h */,
				74A92E1022EC844A006BE5AD /* BOFNetworkPromiseProtocols.h */,
			);
			path = BOFNetwork;
			sourceTree = "<group>";
		};
		74A92E1522EC85CE006BE5AD /* BOFUtilities */ = {
			isa = PBXGroup;
			children = (
				E893FD7D24D5938B00EDE4DD /* AESEncryptionHelper */,
				2BCB87962327C5B800AD2390 /* BOReachability.h */,
				2BCB87952327C5B800AD2390 /* BOReachability.m */,
				74A92E1722EC85CE006BE5AD /* BOFUtilities.h */,
				74A92E1622EC85CE006BE5AD /* BOFUtilities.m */,
				74A92E4822EDF929006BE5AD /* BOFUserDefaults.h */,
				74A92E4922EDF929006BE5AD /* BOFUserDefaults.m */,
			);
			path = BOFUtilities;
			sourceTree = "<group>";
		};
		74A92E1E22EC913E006BE5AD /* BOFStorage */ = {
			isa = PBXGroup;
			children = (
				74A92E1F22EC9175006BE5AD /* BOFFileSystemManager.h */,
				74A92E2022EC9175006BE5AD /* BOFFileSystemManager.m */,
			);
			path = BOFStorage;
			sourceTree = "<group>";
		};
		74F9DAD523379FB700CBB160 /* BOFLogs */ = {
			isa = PBXGroup;
			children = (
				74F9DAD623379FB700CBB160 /* BOFLogs.m */,
				74F9DAD723379FB700CBB160 /* BOFLogs.h */,
			);
			path = BOFLogs;
			sourceTree = "<group>";
		};
		E893FD7D24D5938B00EDE4DD /* AESEncryptionHelper */ = {
			isa = PBXGroup;
			children = (
				E893FD8A24D5971000EDE4DD /* BOCrypt.h */,
				E893FD8B24D5971000EDE4DD /* BOCrypt.m */,
				E893FD8024D5938B00EDE4DD /* NSData+Base64.h */,
				E893FD8124D5938B00EDE4DD /* NSData+Base64.m */,
				E893FD8224D5938B00EDE4DD /* NSData+CommonCrypto.h */,
				E893FD8324D5938B00EDE4DD /* NSData+CommonCrypto.m */,
				E893FD8424D5938B00EDE4DD /* NSString+Base64.h */,
				E893FD8524D5938B00EDE4DD /* NSString+Base64.m */,
			);
			path = AESEncryptionHelper;
			sourceTree = "<group>";
		};
/* End PBXGroup section */

/* Begin PBXHeadersBuildPhase section */
		2B6BE33F26C3DEEB00EDD68A /* Headers */ = {
			isa = PBXHeadersBuildPhase;
			buildActionMask = 2147483647;
			files = (
				2B6BE38326C3E03000EDD68A /* BOFLogs.h in Headers */,
				2B6BE38426C3E03000EDD68A /* BOFFileSystemManager.h in Headers */,
				2B6BE38526C3E03000EDD68A /* BOCrypt.h in Headers */,
				2B6BE38626C3E03000EDD68A /* NSData+Base64.h in Headers */,
				2B6BE38726C3E03000EDD68A /* NSData+CommonCrypto.h in Headers */,
				2B6BE38826C3E03000EDD68A /* NSString+Base64.h in Headers */,
				2B6BE38926C3E03000EDD68A /* BOReachability.h in Headers */,
				2B6BE38A26C3E03000EDD68A /* BOFUtilities.h in Headers */,
				2B6BE38B26C3E03000EDD68A /* BOFUserDefaults.h in Headers */,
				2B6BE38C26C3E03000EDD68A /* BOFNetworkPromise.h in Headers */,
				2B6BE38D26C3E03000EDD68A /* BOFNetworkPromiseExecutor.h in Headers */,
				2B6BE38E26C3E03000EDD68A /* BOFNetworkPromise_Private.h in Headers */,
				2B6BE38F26C3E03000EDD68A /* BOFNetworkPromiseExecutor_Private.h in Headers */,
				2B6BE39026C3E03000EDD68A /* BOFNetworkPromiseProtocols.h in Headers */,
				2B6BE39126C3E03000EDD68A /* BOFConstants.h in Headers */,
				2B6BE39B26C3E1F800EDD68A /* BlotoutFoundationSDK.h in Headers */,
				2B6BE37026C3DF3700EDD68A /* BlotoutFoundation.h in Headers */,
			);
			runOnlyForDeploymentPostprocessing = 0;
		};
/* End PBXHeadersBuildPhase section */

/* Begin PBXNativeTarget section */
		2B6BE34326C3DEEB00EDD68A /* BlotoutFoundation */ = {
			isa = PBXNativeTarget;
			buildConfigurationList = 2B6BE35526C3DEEB00EDD68A /* Build configuration list for PBXNativeTarget "BlotoutFoundation" */;
			buildPhases = (
				2B6BE33F26C3DEEB00EDD68A /* Headers */,
				2B6BE34026C3DEEB00EDD68A /* Sources */,
				2B6BE34126C3DEEB00EDD68A /* Frameworks */,
				2B6BE34226C3DEEB00EDD68A /* Resources */,
			);
			buildRules = (
			);
			dependencies = (
			);
			name = BlotoutFoundation;
			productName = BlotoutFoundation;
			productReference = 2B6BE34426C3DEEB00EDD68A /* BlotoutFoundation.framework */;
			productType = "com.apple.product-type.framework";
		};
		2B6BE34B26C3DEEB00EDD68A /* BlotoutFoundationTests */ = {
			isa = PBXNativeTarget;
			buildConfigurationList = 2B6BE35826C3DEEB00EDD68A /* Build configuration list for PBXNativeTarget "BlotoutFoundationTests" */;
			buildPhases = (
				2B6BE34826C3DEEB00EDD68A /* Sources */,
				2B6BE34926C3DEEB00EDD68A /* Frameworks */,
				2B6BE34A26C3DEEB00EDD68A /* Resources */,
			);
			buildRules = (
			);
			dependencies = (
				2B6BE34F26C3DEEB00EDD68A /* PBXTargetDependency */,
			);
			name = BlotoutFoundationTests;
			productName = BlotoutFoundationTests;
			productReference = 2B6BE34C26C3DEEB00EDD68A /* BlotoutFoundationTests.xctest */;
			productType = "com.apple.product-type.bundle.unit-test";
		};
/* End PBXNativeTarget section */

/* Begin PBXProject section */
		7435E8A422E98F5C008480B8 /* Project object */ = {
			isa = PBXProject;
			attributes = {
				LastUpgradeCheck = 1240;
				ORGANIZATIONNAME = Blotout;
				TargetAttributes = {
					2B6BE34326C3DEEB00EDD68A = {
						CreatedOnToolsVersion = 12.4;
					};
					2B6BE34B26C3DEEB00EDD68A = {
						CreatedOnToolsVersion = 12.4;
					};
				};
			};
			buildConfigurationList = 7435E8A722E98F5C008480B8 /* Build configuration list for PBXProject "BlotoutFoundation" */;
			compatibilityVersion = "Xcode 9.3";
			developmentRegion = en;
			hasScannedForEncodings = 0;
			knownRegions = (
				en,
				Base,
			);
			mainGroup = 7435E8A322E98F5C008480B8;
			productRefGroup = 7435E8AD22E98F5C008480B8 /* Products */;
			projectDirPath = "";
			projectRoot = "";
			targets = (
				2B6BE34326C3DEEB00EDD68A /* BlotoutFoundation */,
				2B6BE34B26C3DEEB00EDD68A /* BlotoutFoundationTests */,
			);
		};
/* End PBXProject section */

/* Begin PBXResourcesBuildPhase section */
		2B6BE34226C3DEEB00EDD68A /* Resources */ = {
			isa = PBXResourcesBuildPhase;
			buildActionMask = 2147483647;
			files = (
			);
			runOnlyForDeploymentPostprocessing = 0;
		};
		2B6BE34A26C3DEEB00EDD68A /* Resources */ = {
			isa = PBXResourcesBuildPhase;
			buildActionMask = 2147483647;
			files = (
			);
			runOnlyForDeploymentPostprocessing = 0;
		};
/* End PBXResourcesBuildPhase section */

/* Begin PBXSourcesBuildPhase section */
		2B6BE34026C3DEEB00EDD68A /* Sources */ = {
			isa = PBXSourcesBuildPhase;
			buildActionMask = 2147483647;
			files = (
				2B6BE37526C3E01500EDD68A /* BOFLogs.m in Sources */,
				2B6BE37626C3E01500EDD68A /* BOFFileSystemManager.m in Sources */,
				2B6BE37726C3E01500EDD68A /* BOCrypt.m in Sources */,
				2B6BE37826C3E01500EDD68A /* NSData+Base64.m in Sources */,
				2B6BE37926C3E01500EDD68A /* NSData+CommonCrypto.m in Sources */,
				2B6BE37A26C3E01500EDD68A /* NSString+Base64.m in Sources */,
				2B6BE37B26C3E01500EDD68A /* BOReachability.m in Sources */,
				2B6BE37C26C3E01500EDD68A /* BOFUtilities.m in Sources */,
				2B6BE37D26C3E01500EDD68A /* BOFUserDefaults.m in Sources */,
				2B6BE37E26C3E01500EDD68A /* BOFNetworkPromise.m in Sources */,
				2B6BE37F26C3E01500EDD68A /* BOFNetworkPromiseExecutor.m in Sources */,
				2B6BE38026C3E01600EDD68A /* BlotoutFoundationSDK.m in Sources */,
			);
			runOnlyForDeploymentPostprocessing = 0;
		};
		2B6BE34826C3DEEB00EDD68A /* Sources */ = {
			isa = PBXSourcesBuildPhase;
			buildActionMask = 2147483647;
			files = (
				2B6BE35226C3DEEB00EDD68A /* BlotoutFoundationTests.m in Sources */,
			);
			runOnlyForDeploymentPostprocessing = 0;
		};
/* End PBXSourcesBuildPhase section */

/* Begin PBXTargetDependency section */
		2B6BE34F26C3DEEB00EDD68A /* PBXTargetDependency */ = {
			isa = PBXTargetDependency;
			target = 2B6BE34326C3DEEB00EDD68A /* BlotoutFoundation */;
			targetProxy = 2B6BE34E26C3DEEB00EDD68A /* PBXContainerItemProxy */;
		};
/* End PBXTargetDependency section */

/* Begin XCBuildConfiguration section */
		2B6BE35626C3DEEB00EDD68A /* Debug */ = {
			isa = XCBuildConfiguration;
			buildSettings = {
				CODE_SIGN_STYLE = Automatic;
				CURRENT_PROJECT_VERSION = 1;
				DEFINES_MODULE = YES;
				DYLIB_COMPATIBILITY_VERSION = 1;
				DYLIB_CURRENT_VERSION = 1;
				DYLIB_INSTALL_NAME_BASE = "@rpath";
				GCC_C_LANGUAGE_STANDARD = gnu99;
				INFOPLIST_FILE = BlotoutFoundation/Info.plist;
				INSTALL_PATH = "$(LOCAL_LIBRARY_DIR)/Frameworks";
				IPHONEOS_DEPLOYMENT_TARGET = 12.1;
				LD_RUNPATH_SEARCH_PATHS = (
					"$(inherited)",
					"@executable_path/Frameworks",
					"@loader_path/Frameworks",
				);
				PRODUCT_BUNDLE_IDENTIFIER = com.blotout.BlotoutFoundation;
				PRODUCT_NAME = "$(TARGET_NAME:c99extidentifier)";
				SKIP_INSTALL = YES;
				TARGETED_DEVICE_FAMILY = "1,2";
				VERSIONING_SYSTEM = "apple-generic";
				VERSION_INFO_PREFIX = "";
			};
			name = Debug;
		};
		2B6BE35726C3DEEB00EDD68A /* Release */ = {
			isa = XCBuildConfiguration;
			buildSettings = {
				CODE_SIGN_STYLE = Automatic;
				CURRENT_PROJECT_VERSION = 1;
				DEFINES_MODULE = YES;
				DYLIB_COMPATIBILITY_VERSION = 1;
				DYLIB_CURRENT_VERSION = 1;
				DYLIB_INSTALL_NAME_BASE = "@rpath";
				GCC_C_LANGUAGE_STANDARD = gnu99;
				INFOPLIST_FILE = BlotoutFoundation/Info.plist;
				INSTALL_PATH = "$(LOCAL_LIBRARY_DIR)/Frameworks";
				IPHONEOS_DEPLOYMENT_TARGET = 12.1;
				LD_RUNPATH_SEARCH_PATHS = (
					"$(inherited)",
					"@executable_path/Frameworks",
					"@loader_path/Frameworks",
				);
				PRODUCT_BUNDLE_IDENTIFIER = com.blotout.BlotoutFoundation;
				PRODUCT_NAME = "$(TARGET_NAME:c99extidentifier)";
				SKIP_INSTALL = YES;
				TARGETED_DEVICE_FAMILY = "1,2";
				VERSIONING_SYSTEM = "apple-generic";
				VERSION_INFO_PREFIX = "";
			};
			name = Release;
		};
		2B6BE35926C3DEEB00EDD68A /* Debug */ = {
			isa = XCBuildConfiguration;
			buildSettings = {
				CODE_SIGN_STYLE = Automatic;
				INFOPLIST_FILE = BlotoutFoundationTests/Info.plist;
				IPHONEOS_DEPLOYMENT_TARGET = 14.4;
				LD_RUNPATH_SEARCH_PATHS = (
					"$(inherited)",
					"@executable_path/Frameworks",
					"@loader_path/Frameworks",
				);
				PRODUCT_BUNDLE_IDENTIFIER = com.blotout.BlotoutFoundationTests;
				PRODUCT_NAME = "$(TARGET_NAME)";
				TARGETED_DEVICE_FAMILY = "1,2";
			};
			name = Debug;
		};
		2B6BE35A26C3DEEB00EDD68A /* Release */ = {
			isa = XCBuildConfiguration;
			buildSettings = {
				CODE_SIGN_STYLE = Automatic;
				INFOPLIST_FILE = BlotoutFoundationTests/Info.plist;
				IPHONEOS_DEPLOYMENT_TARGET = 14.4;
				LD_RUNPATH_SEARCH_PATHS = (
					"$(inherited)",
					"@executable_path/Frameworks",
					"@loader_path/Frameworks",
				);
				PRODUCT_BUNDLE_IDENTIFIER = com.blotout.BlotoutFoundationTests;
				PRODUCT_NAME = "$(TARGET_NAME)";
				TARGETED_DEVICE_FAMILY = "1,2";
			};
			name = Release;
		};
		7435E8B322E98F5C008480B8 /* Debug */ = {
			isa = XCBuildConfiguration;
			buildSettings = {
				ALWAYS_SEARCH_USER_PATHS = NO;
				BITCODE_GENERATION_MODE = bitcode;
				CLANG_ANALYZER_NONNULL = YES;
				CLANG_ANALYZER_NUMBER_OBJECT_CONVERSION = YES_AGGRESSIVE;
				CLANG_CXX_LANGUAGE_STANDARD = "gnu++14";
				CLANG_CXX_LIBRARY = "libc++";
				CLANG_ENABLE_MODULES = YES;
				CLANG_ENABLE_OBJC_ARC = YES;
				CLANG_ENABLE_OBJC_WEAK = YES;
				CLANG_WARN_BLOCK_CAPTURE_AUTORELEASING = YES;
				CLANG_WARN_BOOL_CONVERSION = YES;
				CLANG_WARN_COMMA = YES;
				CLANG_WARN_CONSTANT_CONVERSION = YES;
				CLANG_WARN_DEPRECATED_OBJC_IMPLEMENTATIONS = YES;
				CLANG_WARN_DIRECT_OBJC_ISA_USAGE = YES_ERROR;
				CLANG_WARN_DOCUMENTATION_COMMENTS = YES;
				CLANG_WARN_EMPTY_BODY = YES;
				CLANG_WARN_ENUM_CONVERSION = YES;
				CLANG_WARN_INFINITE_RECURSION = YES;
				CLANG_WARN_INT_CONVERSION = YES;
				CLANG_WARN_NON_LITERAL_NULL_CONVERSION = YES;
				CLANG_WARN_OBJC_IMPLICIT_RETAIN_SELF = YES;
				CLANG_WARN_OBJC_LITERAL_CONVERSION = YES;
				CLANG_WARN_OBJC_ROOT_CLASS = YES_ERROR;
				CLANG_WARN_QUOTED_INCLUDE_IN_FRAMEWORK_HEADER = NO;
				CLANG_WARN_RANGE_LOOP_ANALYSIS = YES;
				CLANG_WARN_STRICT_PROTOTYPES = YES;
				CLANG_WARN_SUSPICIOUS_MOVE = YES;
				CLANG_WARN_UNGUARDED_AVAILABILITY = YES_AGGRESSIVE;
				CLANG_WARN_UNREACHABLE_CODE = YES;
				CLANG_WARN__DUPLICATE_METHOD_MATCH = YES;
				CODE_SIGN_IDENTITY = "iPhone Developer";
				COPY_PHASE_STRIP = NO;
				DEBUG_INFORMATION_FORMAT = dwarf;
				ENABLE_STRICT_OBJC_MSGSEND = YES;
				ENABLE_TESTABILITY = YES;
				GCC_C_LANGUAGE_STANDARD = gnu99;
				GCC_DYNAMIC_NO_PIC = NO;
				GCC_NO_COMMON_BLOCKS = YES;
				GCC_OPTIMIZATION_LEVEL = 0;
				GCC_PREPROCESSOR_DEFINITIONS = (
					"DEBUG=1",
					"$(inherited)",
				);
				GCC_WARN_64_TO_32_BIT_CONVERSION = YES;
				GCC_WARN_ABOUT_RETURN_TYPE = YES_ERROR;
				GCC_WARN_UNDECLARED_SELECTOR = YES;
				GCC_WARN_UNINITIALIZED_AUTOS = YES_AGGRESSIVE;
				GCC_WARN_UNUSED_FUNCTION = YES;
				GCC_WARN_UNUSED_VARIABLE = YES;
				IPHONEOS_DEPLOYMENT_TARGET = 12.1;
				MTL_ENABLE_DEBUG_INFO = INCLUDE_SOURCE;
				MTL_FAST_MATH = YES;
				ONLY_ACTIVE_ARCH = YES;
				SDKROOT = iphoneos;
			};
			name = Debug;
		};
		7435E8B422E98F5C008480B8 /* Release */ = {
			isa = XCBuildConfiguration;
			buildSettings = {
				ALWAYS_SEARCH_USER_PATHS = NO;
				BITCODE_GENERATION_MODE = bitcode;
				CLANG_ANALYZER_NONNULL = YES;
				CLANG_ANALYZER_NUMBER_OBJECT_CONVERSION = YES_AGGRESSIVE;
				CLANG_CXX_LANGUAGE_STANDARD = "gnu++14";
				CLANG_CXX_LIBRARY = "libc++";
				CLANG_ENABLE_MODULES = YES;
				CLANG_ENABLE_OBJC_ARC = YES;
				CLANG_ENABLE_OBJC_WEAK = YES;
				CLANG_WARN_BLOCK_CAPTURE_AUTORELEASING = YES;
				CLANG_WARN_BOOL_CONVERSION = YES;
				CLANG_WARN_COMMA = YES;
				CLANG_WARN_CONSTANT_CONVERSION = YES;
				CLANG_WARN_DEPRECATED_OBJC_IMPLEMENTATIONS = YES;
				CLANG_WARN_DIRECT_OBJC_ISA_USAGE = YES_ERROR;
				CLANG_WARN_DOCUMENTATION_COMMENTS = YES;
				CLANG_WARN_EMPTY_BODY = YES;
				CLANG_WARN_ENUM_CONVERSION = YES;
				CLANG_WARN_INFINITE_RECURSION = YES;
				CLANG_WARN_INT_CONVERSION = YES;
				CLANG_WARN_NON_LITERAL_NULL_CONVERSION = YES;
				CLANG_WARN_OBJC_IMPLICIT_RETAIN_SELF = YES;
				CLANG_WARN_OBJC_LITERAL_CONVERSION = YES;
				CLANG_WARN_OBJC_ROOT_CLASS = YES_ERROR;
				CLANG_WARN_QUOTED_INCLUDE_IN_FRAMEWORK_HEADER = NO;
				CLANG_WARN_RANGE_LOOP_ANALYSIS = YES;
				CLANG_WARN_STRICT_PROTOTYPES = YES;
				CLANG_WARN_SUSPICIOUS_MOVE = YES;
				CLANG_WARN_UNGUARDED_AVAILABILITY = YES_AGGRESSIVE;
				CLANG_WARN_UNREACHABLE_CODE = YES;
				CLANG_WARN__DUPLICATE_METHOD_MATCH = YES;
				CODE_SIGN_IDENTITY = "iPhone Developer";
				COPY_PHASE_STRIP = NO;
				DEBUG_INFORMATION_FORMAT = "dwarf-with-dsym";
				ENABLE_NS_ASSERTIONS = NO;
				ENABLE_STRICT_OBJC_MSGSEND = YES;
				GCC_C_LANGUAGE_STANDARD = gnu99;
				GCC_NO_COMMON_BLOCKS = YES;
				GCC_WARN_64_TO_32_BIT_CONVERSION = YES;
				GCC_WARN_ABOUT_RETURN_TYPE = YES_ERROR;
				GCC_WARN_UNDECLARED_SELECTOR = YES;
				GCC_WARN_UNINITIALIZED_AUTOS = YES_AGGRESSIVE;
				GCC_WARN_UNUSED_FUNCTION = YES;
				GCC_WARN_UNUSED_VARIABLE = YES;
				IPHONEOS_DEPLOYMENT_TARGET = 12.1;
				MTL_ENABLE_DEBUG_INFO = NO;
				MTL_FAST_MATH = YES;
				SDKROOT = iphoneos;
				VALIDATE_PRODUCT = YES;
			};
			name = Release;
		};
/* End XCBuildConfiguration section */

/* Begin XCConfigurationList section */
		2B6BE35526C3DEEB00EDD68A /* Build configuration list for PBXNativeTarget "BlotoutFoundation" */ = {
			isa = XCConfigurationList;
			buildConfigurations = (
				2B6BE35626C3DEEB00EDD68A /* Debug */,
				2B6BE35726C3DEEB00EDD68A /* Release */,
			);
			defaultConfigurationIsVisible = 0;
			defaultConfigurationName = Release;
		};
		2B6BE35826C3DEEB00EDD68A /* Build configuration list for PBXNativeTarget "BlotoutFoundationTests" */ = {
			isa = XCConfigurationList;
			buildConfigurations = (
				2B6BE35926C3DEEB00EDD68A /* Debug */,
				2B6BE35A26C3DEEB00EDD68A /* Release */,
			);
			defaultConfigurationIsVisible = 0;
			defaultConfigurationName = Release;
		};
		7435E8A722E98F5C008480B8 /* Build configuration list for PBXProject "BlotoutFoundation" */ = {
			isa = XCConfigurationList;
			buildConfigurations = (
				7435E8B322E98F5C008480B8 /* Debug */,
				7435E8B422E98F5C008480B8 /* Release */,
			);
			defaultConfigurationIsVisible = 0;
			defaultConfigurationName = Release;
		};
/* End XCConfigurationList section */
	};
	rootObject = 7435E8A422E98F5C008480B8 /* Project object */;
}
