// !$*UTF8*$!
{
	archiveVersion = 1;
	classes = {
	};
	objectVersion = 50;
	objects = {

/* Begin PBXAggregateTarget section */
		E8D4E71724F28A6600BBB3EB /* UniversalLib */ = {
			isa = PBXAggregateTarget;
			buildConfigurationList = E8D4E71A24F28A6700BBB3EB /* Build configuration list for PBXAggregateTarget "UniversalLib" */;
			buildPhases = (
				E8D4E71B24F28A7D00BBB3EB /* ShellScript */,
			);
			dependencies = (
			);
			name = UniversalLib;
			productName = UniversalLib;
		};
/* End PBXAggregateTarget section */

/* Begin PBXBuildFile section */
		2B22B75B26084DF20039F05B /* BOAEventsManager.m in Sources */ = {isa = PBXBuildFile; fileRef = 2B22B75A26084DF20039F05B /* BOAEventsManager.m */; };
		2B22B76A260850B50039F05B /* BOASDKManifest.m in Sources */ = {isa = PBXBuildFile; fileRef = 2B22B769260850B50039F05B /* BOASDKManifest.m */; };
		2B22B76B260850B50039F05B /* BOASDKManifest.m in Sources */ = {isa = PBXBuildFile; fileRef = 2B22B769260850B50039F05B /* BOASDKManifest.m */; };
		2B22B77A260850EF0039F05B /* BOACaptureModel.m in Sources */ = {isa = PBXBuildFile; fileRef = 2B22B779260850EF0039F05B /* BOACaptureModel.m */; };
		2B22B77B260850EF0039F05B /* BOACaptureModel.m in Sources */ = {isa = PBXBuildFile; fileRef = 2B22B779260850EF0039F05B /* BOACaptureModel.m */; };
		2B22B786260881300039F05B /* BOAFileStorage.m in Sources */ = {isa = PBXBuildFile; fileRef = 2B22B785260881300039F05B /* BOAFileStorage.m */; };
		2B22B787260881300039F05B /* BOAFileStorage.m in Sources */ = {isa = PBXBuildFile; fileRef = 2B22B785260881300039F05B /* BOAFileStorage.m */; };
		2B22B79726088AA60039F05B /* BOAAESCrypto.m in Sources */ = {isa = PBXBuildFile; fileRef = 2B22B79626088AA60039F05B /* BOAAESCrypto.m */; };
		2B22B79826088AA60039F05B /* BOAAESCrypto.m in Sources */ = {isa = PBXBuildFile; fileRef = 2B22B79626088AA60039F05B /* BOAAESCrypto.m */; };
		2B22B7F3260911FF0039F05B /* BOAEventsManager.m in Sources */ = {isa = PBXBuildFile; fileRef = 2B22B75A26084DF20039F05B /* BOAEventsManager.m */; };
		2B22B816260F5E1A0039F05B /* BOACrypto.h in CopyFiles */ = {isa = PBXBuildFile; fileRef = 2B22B79426088A410039F05B /* BOACrypto.h */; };
		2B22B8892610AB5A0039F05B /* BOADeviceAndAppFraudController.m in Sources */ = {isa = PBXBuildFile; fileRef = 2B22B8882610AB5A0039F05B /* BOADeviceAndAppFraudController.m */; };
		2B22B88A2610AB5A0039F05B /* BOADeviceAndAppFraudController.m in Sources */ = {isa = PBXBuildFile; fileRef = 2B22B8882610AB5A0039F05B /* BOADeviceAndAppFraudController.m */; };
		2B22B8E12610FFC10039F05B /* NSError+BOAdditions.m in Sources */ = {isa = PBXBuildFile; fileRef = 2B22B8E02610FFC10039F05B /* NSError+BOAdditions.m */; };
		2B22B8E22610FFC10039F05B /* NSError+BOAdditions.m in Sources */ = {isa = PBXBuildFile; fileRef = 2B22B8E02610FFC10039F05B /* NSError+BOAdditions.m */; };
		2B22B92B2612D6470039F05B /* BOAStoreKitController.m in Sources */ = {isa = PBXBuildFile; fileRef = 2B22B92A2612D6470039F05B /* BOAStoreKitController.m */; };
		2B22B92C2612D6470039F05B /* BOAStoreKitController.m in Sources */ = {isa = PBXBuildFile; fileRef = 2B22B92A2612D6470039F05B /* BOAStoreKitController.m */; };
		2B22B9412613684C0039F05B /* BOASystemEvents.m in Sources */ = {isa = PBXBuildFile; fileRef = 2B22B9402613684C0039F05B /* BOASystemEvents.m */; };
		2B22B9422613684C0039F05B /* BOASystemEvents.m in Sources */ = {isa = PBXBuildFile; fileRef = 2B22B9402613684C0039F05B /* BOASystemEvents.m */; };
		2B4F8D52250A170300D6B877 /* BOManifestAPI.m in Sources */ = {isa = PBXBuildFile; fileRef = 2B4F8D4D250A170200D6B877 /* BOManifestAPI.m */; };
		2B4F8D58250A28EF00D6B877 /* BOANetworkConstants.m in Sources */ = {isa = PBXBuildFile; fileRef = 2B4F8D56250A28EF00D6B877 /* BOANetworkConstants.m */; };
		2B4F8DB3250D10FA00D6B877 /* BOSDKAPITests.m in Sources */ = {isa = PBXBuildFile; fileRef = 2B4F8DB2250D10FA00D6B877 /* BOSDKAPITests.m */; };
		2B4F8DB8250E1D9D00D6B877 /* BOAUtilitiesTests.m in Sources */ = {isa = PBXBuildFile; fileRef = 2B4F8DB7250E1D9D00D6B877 /* BOAUtilitiesTests.m */; };
		2B71D6A225FBB2F0003D5186 /* BlotoutAnalyticsConfiguration.m in Sources */ = {isa = PBXBuildFile; fileRef = 2B71D6A125FBB2F0003D5186 /* BlotoutAnalyticsConfiguration.m */; };
		2B71D6B225FC817C003D5186 /* BlotoutAnalyticsConfiguration.h in CopyFiles */ = {isa = PBXBuildFile; fileRef = 2B71D6A025FBB2F0003D5186 /* BlotoutAnalyticsConfiguration.h */; };
		2BC70BB5251C948400A8A068 /* BOEventsOperationExecutor.m in Sources */ = {isa = PBXBuildFile; fileRef = 2BC70BB4251C948400A8A068 /* BOEventsOperationExecutor.m */; };
		2BCB8693230E8D4700AD2390 /* BOSharedManager.m in Sources */ = {isa = PBXBuildFile; fileRef = 2BCB8692230E8D4700AD2390 /* BOSharedManager.m */; };
		2BCB8694230E8D4700AD2390 /* BOSharedManager.m in Sources */ = {isa = PBXBuildFile; fileRef = 2BCB8692230E8D4700AD2390 /* BOSharedManager.m */; };
		2BCB869C230EF63000AD2390 /* BOAUtilities.m in Sources */ = {isa = PBXBuildFile; fileRef = 2BCB869A230EF63000AD2390 /* BOAUtilities.m */; };
		2BCB869D230EF63000AD2390 /* BOAUtilities.m in Sources */ = {isa = PBXBuildFile; fileRef = 2BCB869A230EF63000AD2390 /* BOAUtilities.m */; };
		2BCB876323212A3B00AD2390 /* BONetworkManager.m in Sources */ = {isa = PBXBuildFile; fileRef = 2BCB876223212A3B00AD2390 /* BONetworkManager.m */; };
		2BCB876423212A3B00AD2390 /* BONetworkManager.m in Sources */ = {isa = PBXBuildFile; fileRef = 2BCB876223212A3B00AD2390 /* BONetworkManager.m */; };
		2BCB876823212A7B00AD2390 /* BOBaseAPI.m in Sources */ = {isa = PBXBuildFile; fileRef = 2BCB876723212A7B00AD2390 /* BOBaseAPI.m */; };
		2BCB876923212A7B00AD2390 /* BOBaseAPI.m in Sources */ = {isa = PBXBuildFile; fileRef = 2BCB876723212A7B00AD2390 /* BOBaseAPI.m */; };
		2BCB876C23212AA300AD2390 /* BOEventPostAPI.m in Sources */ = {isa = PBXBuildFile; fileRef = 2BCB876B23212AA300AD2390 /* BOEventPostAPI.m */; };
		2BCB876D23212AA300AD2390 /* BOEventPostAPI.m in Sources */ = {isa = PBXBuildFile; fileRef = 2BCB876B23212AA300AD2390 /* BOEventPostAPI.m */; };
		2BCEA25D22F0B18B00EBA2F2 /* UIViewController+Extensions.m in Sources */ = {isa = PBXBuildFile; fileRef = 2BCEA25C22F0B18B00EBA2F2 /* UIViewController+Extensions.m */; };
		2BCEA25E22F0B18B00EBA2F2 /* UIViewController+Extensions.m in Sources */ = {isa = PBXBuildFile; fileRef = 2BCEA25C22F0B18B00EBA2F2 /* UIViewController+Extensions.m */; };
		2BFA1978251A722F008DE9F4 /* BOEncryptionManager.m in Sources */ = {isa = PBXBuildFile; fileRef = 2BFA1977251A722F008DE9F4 /* BOEncryptionManager.m */; };
		7435E8C622E99062008480B8 /* BlotoutAnalytics.m in Sources */ = {isa = PBXBuildFile; fileRef = 7435E8C522E99062008480B8 /* BlotoutAnalytics.m */; };
		7435E8C722E99062008480B8 /* BlotoutAnalytics.h in CopyFiles */ = {isa = PBXBuildFile; fileRef = 7435E8C422E99062008480B8 /* BlotoutAnalytics.h */; };
		7435E8CF22E9907F008480B8 /* libBlotoutFoundation.a in Frameworks */ = {isa = PBXBuildFile; fileRef = 7435E8CE22E9907F008480B8 /* libBlotoutFoundation.a */; };
		7443CD2223800A61000F6884 /* BOASDKManifestController.m in Sources */ = {isa = PBXBuildFile; fileRef = 7443CD2123800A61000F6884 /* BOASDKManifestController.m */; };
		7443CD2323800A61000F6884 /* BOASDKManifestController.m in Sources */ = {isa = PBXBuildFile; fileRef = 7443CD2123800A61000F6884 /* BOASDKManifestController.m */; };
		74A92D5F22EB08A0006BE5AD /* BlotoutAnalytics.m in Sources */ = {isa = PBXBuildFile; fileRef = 7435E8C522E99062008480B8 /* BlotoutAnalytics.m */; };
		74A92D6422EB0960006BE5AD /* BlotoutAnalytics.h in CopyFiles */ = {isa = PBXBuildFile; fileRef = 7435E8C422E99062008480B8 /* BlotoutAnalytics.h */; };
		74A92D6722EB0989006BE5AD /* libBlotoutFoundationTVOS.a in Frameworks */ = {isa = PBXBuildFile; fileRef = 74A92C9922EB07EB006BE5AD /* libBlotoutFoundationTVOS.a */; };
		74A92D6A22EB0997006BE5AD /* libBlotoutFoundationWatchOS.a in Frameworks */ = {isa = PBXBuildFile; fileRef = 74A92C9B22EB07EB006BE5AD /* libBlotoutFoundationWatchOS.a */; };
		74A92D6D22EB09A7006BE5AD /* libBlotoutFoundationMacOS.a in Frameworks */ = {isa = PBXBuildFile; fileRef = 74A92C9D22EB07EB006BE5AD /* libBlotoutFoundationMacOS.a */; };
		74A92DA922EB0B13006BE5AD /* BOAUserDefaultsStorage.m in Sources */ = {isa = PBXBuildFile; fileRef = 74A92D8D22EB0B13006BE5AD /* BOAUserDefaultsStorage.m */; };
		74A92DAA22EB0B13006BE5AD /* BOAUserDefaultsStorage.m in Sources */ = {isa = PBXBuildFile; fileRef = 74A92D8D22EB0B13006BE5AD /* BOAUserDefaultsStorage.m */; };
		74A92DB122EB0B13006BE5AD /* BOADeveloperEvents.m in Sources */ = {isa = PBXBuildFile; fileRef = 74A92D9522EB0B13006BE5AD /* BOADeveloperEvents.m */; };
		74A92DB222EB0B13006BE5AD /* BOADeveloperEvents.m in Sources */ = {isa = PBXBuildFile; fileRef = 74A92D9522EB0B13006BE5AD /* BOADeveloperEvents.m */; };
		74A92DCF22EB0C7C006BE5AD /* BOAUserDefaultsStorage.h in CopyFiles */ = {isa = PBXBuildFile; fileRef = 74A92D8B22EB0B13006BE5AD /* BOAUserDefaultsStorage.h */; };
		74A92DD422EB0C7C006BE5AD /* BOADeveloperEvents.h in CopyFiles */ = {isa = PBXBuildFile; fileRef = 74A92D9C22EB0B13006BE5AD /* BOADeveloperEvents.h */; };
		E81641E3258DD07800B53A61 /* UIViewControllerExtensionsTests.m in Sources */ = {isa = PBXBuildFile; fileRef = E81641E2258DD07800B53A61 /* UIViewControllerExtensionsTests.m */; };
		E83782DD24684BCD00FA9F48 /* BOServerDataConverter.m in Sources */ = {isa = PBXBuildFile; fileRef = E83782DC24684BCD00FA9F48 /* BOServerDataConverter.m */; };
		E843AD41249E0791006C10CE /* BlotoutAnalyticsTests.m in Sources */ = {isa = PBXBuildFile; fileRef = E843AD40249E0791006C10CE /* BlotoutAnalyticsTests.m */; };
		E843AD43249E0791006C10CE /* libBlotoutAnalytics.a in Frameworks */ = {isa = PBXBuildFile; fileRef = 7435E8C122E99062008480B8 /* libBlotoutAnalytics.a */; };
		E8677D1F256B810B00CF62D2 /* BOSharedManagerTests.m in Sources */ = {isa = PBXBuildFile; fileRef = E8677D1E256B810B00CF62D2 /* BOSharedManagerTests.m */; };
		E8677D35256B91D500CF62D2 /* BOEncryptionManagerTests.m in Sources */ = {isa = PBXBuildFile; fileRef = E8677D34256B91D500CF62D2 /* BOEncryptionManagerTests.m */; };
		E8677D3D256B9A7100CF62D2 /* BOServerDataConverterTests.m in Sources */ = {isa = PBXBuildFile; fileRef = E8677D3C256B9A7100CF62D2 /* BOServerDataConverterTests.m */; };
		E8677D45256BA66900CF62D2 /* BOEventsOperationExecutorTests.m in Sources */ = {isa = PBXBuildFile; fileRef = E8677D44256BA66900CF62D2 /* BOEventsOperationExecutorTests.m */; };
		E877963D2588B81C00EFA7D6 /* BONetworkManagerTests.m in Sources */ = {isa = PBXBuildFile; fileRef = E877963C2588B81C00EFA7D6 /* BONetworkManagerTests.m */; };
		E87ADEFA24C00BF8001BCAB3 /* BOASDKManifestControllerTests.m in Sources */ = {isa = PBXBuildFile; fileRef = E87ADEF924C00BF8001BCAB3 /* BOASDKManifestControllerTests.m */; };
		E8E4691E250C9A8F00F35951 /* BOFFileSystemManagerTests.m in Sources */ = {isa = PBXBuildFile; fileRef = E8E4691D250C9A8F00F35951 /* BOFFileSystemManagerTests.m */; };
/* End PBXBuildFile section */

/* Begin PBXContainerItemProxy section */
		7435E8D422E990A4008480B8 /* PBXContainerItemProxy */ = {
			isa = PBXContainerItemProxy;
			containerPortal = 7435E8D022E990A4008480B8 /* BlotoutFoundation.xcodeproj */;
			proxyType = 2;
			remoteGlobalIDString = 7435E8AC22E98F5C008480B8;
			remoteInfo = BlotoutFoundation;
		};
		7435E8D622E990C2008480B8 /* PBXContainerItemProxy */ = {
			isa = PBXContainerItemProxy;
			containerPortal = 7435E8D022E990A4008480B8 /* BlotoutFoundation.xcodeproj */;
			proxyType = 1;
			remoteGlobalIDString = 7435E8AB22E98F5C008480B8;
			remoteInfo = BlotoutFoundation;
		};
		74A92C9822EB07EB006BE5AD /* PBXContainerItemProxy */ = {
			isa = PBXContainerItemProxy;
			containerPortal = 7435E8D022E990A4008480B8 /* BlotoutFoundation.xcodeproj */;
			proxyType = 2;
			remoteGlobalIDString = 74A92C6822EB07A9006BE5AD;
			remoteInfo = BlotoutFoundationTVOS;
		};
		74A92C9A22EB07EB006BE5AD /* PBXContainerItemProxy */ = {
			isa = PBXContainerItemProxy;
			containerPortal = 7435E8D022E990A4008480B8 /* BlotoutFoundation.xcodeproj */;
			proxyType = 2;
			remoteGlobalIDString = 74A92C7522EB07BD006BE5AD;
			remoteInfo = BlotoutFoundationWatchOS;
		};
		74A92C9C22EB07EB006BE5AD /* PBXContainerItemProxy */ = {
			isa = PBXContainerItemProxy;
			containerPortal = 7435E8D022E990A4008480B8 /* BlotoutFoundation.xcodeproj */;
			proxyType = 2;
			remoteGlobalIDString = 74A92C8222EB07CE006BE5AD;
			remoteInfo = BlotoutFoundationMacOS;
		};
		74A92D6522EB0980006BE5AD /* PBXContainerItemProxy */ = {
			isa = PBXContainerItemProxy;
			containerPortal = 7435E8D022E990A4008480B8 /* BlotoutFoundation.xcodeproj */;
			proxyType = 1;
			remoteGlobalIDString = 74A92C6722EB07A9006BE5AD;
			remoteInfo = BlotoutFoundationTVOS;
		};
		74A92D6822EB0991006BE5AD /* PBXContainerItemProxy */ = {
			isa = PBXContainerItemProxy;
			containerPortal = 7435E8D022E990A4008480B8 /* BlotoutFoundation.xcodeproj */;
			proxyType = 1;
			remoteGlobalIDString = 74A92C7422EB07BD006BE5AD;
			remoteInfo = BlotoutFoundationWatchOS;
		};
		74A92D6B22EB09A0006BE5AD /* PBXContainerItemProxy */ = {
			isa = PBXContainerItemProxy;
			containerPortal = 7435E8D022E990A4008480B8 /* BlotoutFoundation.xcodeproj */;
			proxyType = 1;
			remoteGlobalIDString = 74A92C8122EB07CE006BE5AD;
			remoteInfo = BlotoutFoundationMacOS;
		};
		E843AD44249E0791006C10CE /* PBXContainerItemProxy */ = {
			isa = PBXContainerItemProxy;
			containerPortal = 7435E8B922E99062008480B8 /* Project object */;
			proxyType = 1;
			remoteGlobalIDString = 7435E8C022E99062008480B8;
			remoteInfo = BlotoutAnalytics;
		};
/* End PBXContainerItemProxy section */

/* Begin PBXCopyFilesBuildPhase section */
		7435E8BF22E99062008480B8 /* CopyFiles */ = {
			isa = PBXCopyFilesBuildPhase;
			buildActionMask = 2147483647;
			dstPath = "include/$(PRODUCT_NAME)";
			dstSubfolderSpec = 16;
			files = (
				2B22B816260F5E1A0039F05B /* BOACrypto.h in CopyFiles */,
				2B71D6B225FC817C003D5186 /* BlotoutAnalyticsConfiguration.h in CopyFiles */,
				7435E8C722E99062008480B8 /* BlotoutAnalytics.h in CopyFiles */,
			);
			runOnlyForDeploymentPostprocessing = 0;
		};
		74A92C8D22EB07EB006BE5AD /* CopyFiles */ = {
			isa = PBXCopyFilesBuildPhase;
			buildActionMask = 2147483647;
			dstPath = "include/$(PRODUCT_NAME)";
			dstSubfolderSpec = 16;
			files = (
				74A92DCF22EB0C7C006BE5AD /* BOAUserDefaultsStorage.h in CopyFiles */,
				74A92DD422EB0C7C006BE5AD /* BOADeveloperEvents.h in CopyFiles */,
				74A92D6422EB0960006BE5AD /* BlotoutAnalytics.h in CopyFiles */,
			);
			runOnlyForDeploymentPostprocessing = 0;
		};
		74A92CA322EB07FD006BE5AD /* CopyFiles */ = {
			isa = PBXCopyFilesBuildPhase;
			buildActionMask = 2147483647;
			dstPath = "include/$(PRODUCT_NAME)";
			dstSubfolderSpec = 16;
			files = (
			);
			runOnlyForDeploymentPostprocessing = 0;
		};
/* End PBXCopyFilesBuildPhase section */

/* Begin PBXFileReference section */
		2B22B75926084DF20039F05B /* BOAEventsManager.h */ = {isa = PBXFileReference; lastKnownFileType = sourcecode.c.h; path = BOAEventsManager.h; sourceTree = "<group>"; };
		2B22B75A26084DF20039F05B /* BOAEventsManager.m */ = {isa = PBXFileReference; lastKnownFileType = sourcecode.c.objc; path = BOAEventsManager.m; sourceTree = "<group>"; };
		2B22B768260850B50039F05B /* BOASDKManifest.h */ = {isa = PBXFileReference; fileEncoding = 4; lastKnownFileType = sourcecode.c.h; path = BOASDKManifest.h; sourceTree = "<group>"; };
		2B22B769260850B50039F05B /* BOASDKManifest.m */ = {isa = PBXFileReference; fileEncoding = 4; lastKnownFileType = sourcecode.c.objc; path = BOASDKManifest.m; sourceTree = "<group>"; };
		2B22B778260850EF0039F05B /* BOACaptureModel.h */ = {isa = PBXFileReference; lastKnownFileType = sourcecode.c.h; path = BOACaptureModel.h; sourceTree = "<group>"; };
		2B22B779260850EF0039F05B /* BOACaptureModel.m */ = {isa = PBXFileReference; lastKnownFileType = sourcecode.c.objc; path = BOACaptureModel.m; sourceTree = "<group>"; };
		2B22B78326087A8C0039F05B /* BOAStorage.h */ = {isa = PBXFileReference; lastKnownFileType = sourcecode.c.h; path = BOAStorage.h; sourceTree = "<group>"; };
		2B22B784260881300039F05B /* BOAFileStorage.h */ = {isa = PBXFileReference; lastKnownFileType = sourcecode.c.h; path = BOAFileStorage.h; sourceTree = "<group>"; };
		2B22B785260881300039F05B /* BOAFileStorage.m */ = {isa = PBXFileReference; lastKnownFileType = sourcecode.c.objc; path = BOAFileStorage.m; sourceTree = "<group>"; };
		2B22B79426088A410039F05B /* BOACrypto.h */ = {isa = PBXFileReference; lastKnownFileType = sourcecode.c.h; path = BOACrypto.h; sourceTree = "<group>"; };
		2B22B79526088AA60039F05B /* BOAAESCrypto.h */ = {isa = PBXFileReference; lastKnownFileType = sourcecode.c.h; path = BOAAESCrypto.h; sourceTree = "<group>"; };
		2B22B79626088AA60039F05B /* BOAAESCrypto.m */ = {isa = PBXFileReference; lastKnownFileType = sourcecode.c.objc; path = BOAAESCrypto.m; sourceTree = "<group>"; };
		2B22B8872610AB5A0039F05B /* BOADeviceAndAppFraudController.h */ = {isa = PBXFileReference; fileEncoding = 4; lastKnownFileType = sourcecode.c.h; path = BOADeviceAndAppFraudController.h; sourceTree = "<group>"; };
		2B22B8882610AB5A0039F05B /* BOADeviceAndAppFraudController.m */ = {isa = PBXFileReference; fileEncoding = 4; lastKnownFileType = sourcecode.c.objc; path = BOADeviceAndAppFraudController.m; sourceTree = "<group>"; };
		2B22B8DF2610FFC10039F05B /* NSError+BOAdditions.h */ = {isa = PBXFileReference; fileEncoding = 4; lastKnownFileType = sourcecode.c.h; path = "NSError+BOAdditions.h"; sourceTree = "<group>"; };
		2B22B8E02610FFC10039F05B /* NSError+BOAdditions.m */ = {isa = PBXFileReference; fileEncoding = 4; lastKnownFileType = sourcecode.c.objc; path = "NSError+BOAdditions.m"; sourceTree = "<group>"; };
		2B22B9292612D6470039F05B /* BOAStoreKitController.h */ = {isa = PBXFileReference; fileEncoding = 4; lastKnownFileType = sourcecode.c.h; path = BOAStoreKitController.h; sourceTree = "<group>"; };
		2B22B92A2612D6470039F05B /* BOAStoreKitController.m */ = {isa = PBXFileReference; fileEncoding = 4; lastKnownFileType = sourcecode.c.objc; path = BOAStoreKitController.m; sourceTree = "<group>"; };
		2B22B93F2613684C0039F05B /* BOASystemEvents.h */ = {isa = PBXFileReference; lastKnownFileType = sourcecode.c.h; path = BOASystemEvents.h; sourceTree = "<group>"; };
		2B22B9402613684C0039F05B /* BOASystemEvents.m */ = {isa = PBXFileReference; lastKnownFileType = sourcecode.c.objc; path = BOASystemEvents.m; sourceTree = "<group>"; };
		2B4F8D4D250A170200D6B877 /* BOManifestAPI.m */ = {isa = PBXFileReference; fileEncoding = 4; lastKnownFileType = sourcecode.c.objc; path = BOManifestAPI.m; sourceTree = "<group>"; };
		2B4F8D4E250A170200D6B877 /* BOManifestAPI.h */ = {isa = PBXFileReference; fileEncoding = 4; lastKnownFileType = sourcecode.c.h; path = BOManifestAPI.h; sourceTree = "<group>"; };
		2B4F8D54250A28EF00D6B877 /* BOANetworkConstants.h */ = {isa = PBXFileReference; fileEncoding = 4; lastKnownFileType = sourcecode.c.h; path = BOANetworkConstants.h; sourceTree = "<group>"; };
		2B4F8D56250A28EF00D6B877 /* BOANetworkConstants.m */ = {isa = PBXFileReference; fileEncoding = 4; lastKnownFileType = sourcecode.c.objc; path = BOANetworkConstants.m; sourceTree = "<group>"; };
		2B4F8DB2250D10FA00D6B877 /* BOSDKAPITests.m */ = {isa = PBXFileReference; lastKnownFileType = sourcecode.c.objc; path = BOSDKAPITests.m; sourceTree = "<group>"; };
		2B4F8DB7250E1D9D00D6B877 /* BOAUtilitiesTests.m */ = {isa = PBXFileReference; lastKnownFileType = sourcecode.c.objc; path = BOAUtilitiesTests.m; sourceTree = "<group>"; };
		2B71D6A025FBB2F0003D5186 /* BlotoutAnalyticsConfiguration.h */ = {isa = PBXFileReference; lastKnownFileType = sourcecode.c.h; path = BlotoutAnalyticsConfiguration.h; sourceTree = "<group>"; };
		2B71D6A125FBB2F0003D5186 /* BlotoutAnalyticsConfiguration.m */ = {isa = PBXFileReference; lastKnownFileType = sourcecode.c.objc; path = BlotoutAnalyticsConfiguration.m; sourceTree = "<group>"; };
		2BC70BB3251C948400A8A068 /* BOEventsOperationExecutor.h */ = {isa = PBXFileReference; lastKnownFileType = sourcecode.c.h; path = BOEventsOperationExecutor.h; sourceTree = "<group>"; };
		2BC70BB4251C948400A8A068 /* BOEventsOperationExecutor.m */ = {isa = PBXFileReference; lastKnownFileType = sourcecode.c.objc; path = BOEventsOperationExecutor.m; sourceTree = "<group>"; };
		2BCB8691230E8D4700AD2390 /* BOSharedManager.h */ = {isa = PBXFileReference; lastKnownFileType = sourcecode.c.h; path = BOSharedManager.h; sourceTree = "<group>"; };
		2BCB8692230E8D4700AD2390 /* BOSharedManager.m */ = {isa = PBXFileReference; lastKnownFileType = sourcecode.c.objc; path = BOSharedManager.m; sourceTree = "<group>"; };
		2BCB869A230EF63000AD2390 /* BOAUtilities.m */ = {isa = PBXFileReference; fileEncoding = 4; lastKnownFileType = sourcecode.c.objc; path = BOAUtilities.m; sourceTree = "<group>"; };
		2BCB869B230EF63000AD2390 /* BOAUtilities.h */ = {isa = PBXFileReference; fileEncoding = 4; lastKnownFileType = sourcecode.c.h; path = BOAUtilities.h; sourceTree = "<group>"; };
		2BCB876123212A3B00AD2390 /* BONetworkManager.h */ = {isa = PBXFileReference; lastKnownFileType = sourcecode.c.h; path = BONetworkManager.h; sourceTree = "<group>"; };
		2BCB876223212A3B00AD2390 /* BONetworkManager.m */ = {isa = PBXFileReference; lastKnownFileType = sourcecode.c.objc; path = BONetworkManager.m; sourceTree = "<group>"; };
		2BCB876623212A7B00AD2390 /* BOBaseAPI.h */ = {isa = PBXFileReference; lastKnownFileType = sourcecode.c.h; path = BOBaseAPI.h; sourceTree = "<group>"; };
		2BCB876723212A7B00AD2390 /* BOBaseAPI.m */ = {isa = PBXFileReference; lastKnownFileType = sourcecode.c.objc; path = BOBaseAPI.m; sourceTree = "<group>"; };
		2BCB876A23212AA300AD2390 /* BOEventPostAPI.h */ = {isa = PBXFileReference; lastKnownFileType = sourcecode.c.h; path = BOEventPostAPI.h; sourceTree = "<group>"; };
		2BCB876B23212AA300AD2390 /* BOEventPostAPI.m */ = {isa = PBXFileReference; lastKnownFileType = sourcecode.c.objc; path = BOEventPostAPI.m; sourceTree = "<group>"; };
		2BCEA25B22F0B18B00EBA2F2 /* UIViewController+Extensions.h */ = {isa = PBXFileReference; lastKnownFileType = sourcecode.c.h; path = "UIViewController+Extensions.h"; sourceTree = "<group>"; };
		2BCEA25C22F0B18B00EBA2F2 /* UIViewController+Extensions.m */ = {isa = PBXFileReference; lastKnownFileType = sourcecode.c.objc; path = "UIViewController+Extensions.m"; sourceTree = "<group>"; };
		2BFA1976251A722F008DE9F4 /* BOEncryptionManager.h */ = {isa = PBXFileReference; fileEncoding = 4; lastKnownFileType = sourcecode.c.h; path = BOEncryptionManager.h; sourceTree = "<group>"; };
		2BFA1977251A722F008DE9F4 /* BOEncryptionManager.m */ = {isa = PBXFileReference; fileEncoding = 4; lastKnownFileType = sourcecode.c.objc; path = BOEncryptionManager.m; sourceTree = "<group>"; };
		741AB35323F99BE800D5826F /* BlotoutAnalytics_Internal.h */ = {isa = PBXFileReference; lastKnownFileType = sourcecode.c.h; path = BlotoutAnalytics_Internal.h; sourceTree = "<group>"; };
		7435E8C122E99062008480B8 /* libBlotoutAnalytics.a */ = {isa = PBXFileReference; explicitFileType = archive.ar; includeInIndex = 0; path = libBlotoutAnalytics.a; sourceTree = BUILT_PRODUCTS_DIR; };
		7435E8C422E99062008480B8 /* BlotoutAnalytics.h */ = {isa = PBXFileReference; lastKnownFileType = sourcecode.c.h; path = BlotoutAnalytics.h; sourceTree = "<group>"; };
		7435E8C522E99062008480B8 /* BlotoutAnalytics.m */ = {isa = PBXFileReference; lastKnownFileType = sourcecode.c.objc; path = BlotoutAnalytics.m; sourceTree = "<group>"; };
		7435E8CE22E9907F008480B8 /* libBlotoutFoundation.a */ = {isa = PBXFileReference; explicitFileType = archive.ar; path = libBlotoutFoundation.a; sourceTree = BUILT_PRODUCTS_DIR; };
		7435E8D022E990A4008480B8 /* BlotoutFoundation.xcodeproj */ = {isa = PBXFileReference; lastKnownFileType = "wrapper.pb-project"; name = BlotoutFoundation.xcodeproj; path = ../BlotoutFoundation/BlotoutFoundation.xcodeproj; sourceTree = "<group>"; };
		7443CD2023800A61000F6884 /* BOASDKManifestController.h */ = {isa = PBXFileReference; lastKnownFileType = sourcecode.c.h; path = BOASDKManifestController.h; sourceTree = "<group>"; };
		7443CD2123800A61000F6884 /* BOASDKManifestController.m */ = {isa = PBXFileReference; lastKnownFileType = sourcecode.c.objc; path = BOASDKManifestController.m; sourceTree = "<group>"; };
		74A92C8F22EB07EB006BE5AD /* libBlotoutAnalyticsTVOS.a */ = {isa = PBXFileReference; explicitFileType = archive.ar; includeInIndex = 0; path = libBlotoutAnalyticsTVOS.a; sourceTree = BUILT_PRODUCTS_DIR; };
		74A92C9122EB07EB006BE5AD /* BlotoutAnalyticsTVOS.h */ = {isa = PBXFileReference; lastKnownFileType = sourcecode.c.h; path = BlotoutAnalyticsTVOS.h; sourceTree = "<group>"; };
		74A92C9222EB07EB006BE5AD /* BlotoutAnalyticsTVOS.m */ = {isa = PBXFileReference; lastKnownFileType = sourcecode.c.objc; path = BlotoutAnalyticsTVOS.m; sourceTree = "<group>"; };
		74A92CA522EB07FD006BE5AD /* libBlotoutAnalyticsWatchOS.a */ = {isa = PBXFileReference; explicitFileType = archive.ar; includeInIndex = 0; path = libBlotoutAnalyticsWatchOS.a; sourceTree = BUILT_PRODUCTS_DIR; };
		74A92CA722EB07FD006BE5AD /* BlotoutAnalyticsWatchOS.h */ = {isa = PBXFileReference; lastKnownFileType = sourcecode.c.h; path = BlotoutAnalyticsWatchOS.h; sourceTree = "<group>"; };
		74A92CA822EB07FD006BE5AD /* BlotoutAnalyticsWatchOS.m */ = {isa = PBXFileReference; lastKnownFileType = sourcecode.c.objc; path = BlotoutAnalyticsWatchOS.m; sourceTree = "<group>"; };
		74A92CB222EB0811006BE5AD /* libBlotoutAnalyticsMacOS.a */ = {isa = PBXFileReference; explicitFileType = archive.ar; includeInIndex = 0; path = libBlotoutAnalyticsMacOS.a; sourceTree = BUILT_PRODUCTS_DIR; };
		74A92CB422EB0811006BE5AD /* BlotoutAnalyticsMacOS.h */ = {isa = PBXFileReference; lastKnownFileType = sourcecode.c.h; path = BlotoutAnalyticsMacOS.h; sourceTree = "<group>"; };
		74A92CB622EB0811006BE5AD /* BlotoutAnalyticsMacOS.m */ = {isa = PBXFileReference; lastKnownFileType = sourcecode.c.objc; path = BlotoutAnalyticsMacOS.m; sourceTree = "<group>"; };
		74A92D8B22EB0B13006BE5AD /* BOAUserDefaultsStorage.h */ = {isa = PBXFileReference; fileEncoding = 4; lastKnownFileType = sourcecode.c.h; path = BOAUserDefaultsStorage.h; sourceTree = "<group>"; };
		74A92D8D22EB0B13006BE5AD /* BOAUserDefaultsStorage.m */ = {isa = PBXFileReference; fileEncoding = 4; lastKnownFileType = sourcecode.c.objc; path = BOAUserDefaultsStorage.m; sourceTree = "<group>"; };
		74A92D9522EB0B13006BE5AD /* BOADeveloperEvents.m */ = {isa = PBXFileReference; fileEncoding = 4; lastKnownFileType = sourcecode.c.objc; path = BOADeveloperEvents.m; sourceTree = "<group>"; };
		74A92D9C22EB0B13006BE5AD /* BOADeveloperEvents.h */ = {isa = PBXFileReference; fileEncoding = 4; lastKnownFileType = sourcecode.c.h; path = BOADeveloperEvents.h; sourceTree = "<group>"; };
		E81641E2258DD07800B53A61 /* UIViewControllerExtensionsTests.m */ = {isa = PBXFileReference; lastKnownFileType = sourcecode.c.objc; path = UIViewControllerExtensionsTests.m; sourceTree = "<group>"; };
		E83782DB24684BCD00FA9F48 /* BOServerDataConverter.h */ = {isa = PBXFileReference; lastKnownFileType = sourcecode.c.h; path = BOServerDataConverter.h; sourceTree = "<group>"; };
		E83782DC24684BCD00FA9F48 /* BOServerDataConverter.m */ = {isa = PBXFileReference; lastKnownFileType = sourcecode.c.objc; path = BOServerDataConverter.m; sourceTree = "<group>"; };
		E843AD3E249E0791006C10CE /* BlotoutAnalyticsTests.xctest */ = {isa = PBXFileReference; explicitFileType = wrapper.cfbundle; includeInIndex = 0; path = BlotoutAnalyticsTests.xctest; sourceTree = BUILT_PRODUCTS_DIR; };
		E843AD40249E0791006C10CE /* BlotoutAnalyticsTests.m */ = {isa = PBXFileReference; lastKnownFileType = sourcecode.c.objc; path = BlotoutAnalyticsTests.m; sourceTree = "<group>"; };
		E843AD42249E0791006C10CE /* Info.plist */ = {isa = PBXFileReference; lastKnownFileType = text.plist.xml; path = Info.plist; sourceTree = "<group>"; };
		E8677D1E256B810B00CF62D2 /* BOSharedManagerTests.m */ = {isa = PBXFileReference; lastKnownFileType = sourcecode.c.objc; path = BOSharedManagerTests.m; sourceTree = "<group>"; };
		E8677D34256B91D500CF62D2 /* BOEncryptionManagerTests.m */ = {isa = PBXFileReference; lastKnownFileType = sourcecode.c.objc; path = BOEncryptionManagerTests.m; sourceTree = "<group>"; };
		E8677D3C256B9A7100CF62D2 /* BOServerDataConverterTests.m */ = {isa = PBXFileReference; lastKnownFileType = sourcecode.c.objc; path = BOServerDataConverterTests.m; sourceTree = "<group>"; };
		E8677D44256BA66900CF62D2 /* BOEventsOperationExecutorTests.m */ = {isa = PBXFileReference; lastKnownFileType = sourcecode.c.objc; path = BOEventsOperationExecutorTests.m; sourceTree = "<group>"; };
		E877963C2588B81C00EFA7D6 /* BONetworkManagerTests.m */ = {isa = PBXFileReference; lastKnownFileType = sourcecode.c.objc; path = BONetworkManagerTests.m; sourceTree = "<group>"; };
		E87ADEF924C00BF8001BCAB3 /* BOASDKManifestControllerTests.m */ = {isa = PBXFileReference; lastKnownFileType = sourcecode.c.objc; path = BOASDKManifestControllerTests.m; sourceTree = "<group>"; };
		E8E4691D250C9A8F00F35951 /* BOFFileSystemManagerTests.m */ = {isa = PBXFileReference; lastKnownFileType = sourcecode.c.objc; path = BOFFileSystemManagerTests.m; sourceTree = "<group>"; };
/* End PBXFileReference section */

/* Begin PBXFrameworksBuildPhase section */
		7435E8BE22E99062008480B8 /* Frameworks */ = {
			isa = PBXFrameworksBuildPhase;
			buildActionMask = 2147483647;
			files = (
				7435E8CF22E9907F008480B8 /* libBlotoutFoundation.a in Frameworks */,
			);
			runOnlyForDeploymentPostprocessing = 0;
		};
		74A92C8C22EB07EB006BE5AD /* Frameworks */ = {
			isa = PBXFrameworksBuildPhase;
			buildActionMask = 2147483647;
			files = (
				74A92D6722EB0989006BE5AD /* libBlotoutFoundationTVOS.a in Frameworks */,
			);
			runOnlyForDeploymentPostprocessing = 0;
		};
		74A92CA222EB07FD006BE5AD /* Frameworks */ = {
			isa = PBXFrameworksBuildPhase;
			buildActionMask = 2147483647;
			files = (
				74A92D6A22EB0997006BE5AD /* libBlotoutFoundationWatchOS.a in Frameworks */,
			);
			runOnlyForDeploymentPostprocessing = 0;
		};
		74A92CB022EB0811006BE5AD /* Frameworks */ = {
			isa = PBXFrameworksBuildPhase;
			buildActionMask = 2147483647;
			files = (
				74A92D6D22EB09A7006BE5AD /* libBlotoutFoundationMacOS.a in Frameworks */,
			);
			runOnlyForDeploymentPostprocessing = 0;
		};
		E843AD3B249E0791006C10CE /* Frameworks */ = {
			isa = PBXFrameworksBuildPhase;
			buildActionMask = 2147483647;
			files = (
				E843AD43249E0791006C10CE /* libBlotoutAnalytics.a in Frameworks */,
			);
			runOnlyForDeploymentPostprocessing = 0;
		};
/* End PBXFrameworksBuildPhase section */

/* Begin PBXGroup section */
		2B4F8D53250A28EF00D6B877 /* Constants */ = {
			isa = PBXGroup;
			children = (
				2B4F8D54250A28EF00D6B877 /* BOANetworkConstants.h */,
				2B4F8D56250A28EF00D6B877 /* BOANetworkConstants.m */,
			);
			path = Constants;
			sourceTree = "<group>";
		};
		2BCB8699230EF63000AD2390 /* Utilities */ = {
			isa = PBXGroup;
			children = (
				2BFA1976251A722F008DE9F4 /* BOEncryptionManager.h */,
				2BFA1977251A722F008DE9F4 /* BOEncryptionManager.m */,
				2BCB869A230EF63000AD2390 /* BOAUtilities.m */,
				2BCB869B230EF63000AD2390 /* BOAUtilities.h */,
				E83782DB24684BCD00FA9F48 /* BOServerDataConverter.h */,
				E83782DC24684BCD00FA9F48 /* BOServerDataConverter.m */,
				2BC70BB3251C948400A8A068 /* BOEventsOperationExecutor.h */,
				2BC70BB4251C948400A8A068 /* BOEventsOperationExecutor.m */,
			);
			path = Utilities;
			sourceTree = "<group>";
		};
		2BCB86C32312AC5E00AD2390 /* Network */ = {
			isa = PBXGroup;
			children = (
				2B22B8DF2610FFC10039F05B /* NSError+BOAdditions.h */,
				2B22B8E02610FFC10039F05B /* NSError+BOAdditions.m */,
				2BCB876523212A5B00AD2390 /* api */,
				2BCB876123212A3B00AD2390 /* BONetworkManager.h */,
				2BCB876223212A3B00AD2390 /* BONetworkManager.m */,
			);
			path = Network;
			sourceTree = "<group>";
		};
		2BCB876523212A5B00AD2390 /* api */ = {
			isa = PBXGroup;
			children = (
				2B4F8D4E250A170200D6B877 /* BOManifestAPI.h */,
				2B4F8D4D250A170200D6B877 /* BOManifestAPI.m */,
				2BCB876623212A7B00AD2390 /* BOBaseAPI.h */,
				2BCB876723212A7B00AD2390 /* BOBaseAPI.m */,
				2BCB876A23212AA300AD2390 /* BOEventPostAPI.h */,
				2BCB876B23212AA300AD2390 /* BOEventPostAPI.m */,
			);
			path = api;
			sourceTree = "<group>";
		};
		2BCEA25A22F0B16800EBA2F2 /* Extention */ = {
			isa = PBXGroup;
			children = (
				2BCEA25B22F0B18B00EBA2F2 /* UIViewController+Extensions.h */,
				2BCEA25C22F0B18B00EBA2F2 /* UIViewController+Extensions.m */,
				2BCB8691230E8D4700AD2390 /* BOSharedManager.h */,
				2BCB8692230E8D4700AD2390 /* BOSharedManager.m */,
			);
			path = Extention;
			sourceTree = "<group>";
		};
		7435E8B822E99062008480B8 = {
			isa = PBXGroup;
			children = (
				7435E8D022E990A4008480B8 /* BlotoutFoundation.xcodeproj */,
				74A92D7C22EB0B13006BE5AD /* BlotoutAnalyticsAll */,
				7435E8C322E99062008480B8 /* BlotoutAnalytics */,
				74A92C9022EB07EB006BE5AD /* BlotoutAnalyticsTVOS */,
				74A92CA622EB07FD006BE5AD /* BlotoutAnalyticsWatchOS */,
				74A92CB322EB0811006BE5AD /* BlotoutAnalyticsMacOS */,
				E843AD3F249E0791006C10CE /* BlotoutAnalyticsTests */,
				7435E8C222E99062008480B8 /* Products */,
				7435E8CD22E9907F008480B8 /* Frameworks */,
			);
			sourceTree = "<group>";
		};
		7435E8C222E99062008480B8 /* Products */ = {
			isa = PBXGroup;
			children = (
				7435E8C122E99062008480B8 /* libBlotoutAnalytics.a */,
				74A92C8F22EB07EB006BE5AD /* libBlotoutAnalyticsTVOS.a */,
				74A92CA522EB07FD006BE5AD /* libBlotoutAnalyticsWatchOS.a */,
				74A92CB222EB0811006BE5AD /* libBlotoutAnalyticsMacOS.a */,
				E843AD3E249E0791006C10CE /* BlotoutAnalyticsTests.xctest */,
			);
			name = Products;
			sourceTree = "<group>";
		};
		7435E8C322E99062008480B8 /* BlotoutAnalytics */ = {
			isa = PBXGroup;
			children = (
				741AB35323F99BE800D5826F /* BlotoutAnalytics_Internal.h */,
				7435E8C422E99062008480B8 /* BlotoutAnalytics.h */,
				7435E8C522E99062008480B8 /* BlotoutAnalytics.m */,
				2B71D6A025FBB2F0003D5186 /* BlotoutAnalyticsConfiguration.h */,
				2B71D6A125FBB2F0003D5186 /* BlotoutAnalyticsConfiguration.m */,
			);
			path = BlotoutAnalytics;
			sourceTree = "<group>";
		};
		7435E8CD22E9907F008480B8 /* Frameworks */ = {
			isa = PBXGroup;
			children = (
				7435E8CE22E9907F008480B8 /* libBlotoutFoundation.a */,
			);
			name = Frameworks;
			sourceTree = "<group>";
		};
		7435E8D122E990A4008480B8 /* Products */ = {
			isa = PBXGroup;
			children = (
				7435E8D522E990A4008480B8 /* libBlotoutFoundation.a */,
				74A92C9922EB07EB006BE5AD /* libBlotoutFoundationTVOS.a */,
				74A92C9B22EB07EB006BE5AD /* libBlotoutFoundationWatchOS.a */,
				74A92C9D22EB07EB006BE5AD /* libBlotoutFoundationMacOS.a */,
			);
			name = Products;
			sourceTree = "<group>";
		};
		749493342363725E0030EE3E /* Controllers */ = {
			isa = PBXGroup;
			children = (
				2B22B9292612D6470039F05B /* BOAStoreKitController.h */,
				2B22B92A2612D6470039F05B /* BOAStoreKitController.m */,
				2B22B8872610AB5A0039F05B /* BOADeviceAndAppFraudController.h */,
				2B22B8882610AB5A0039F05B /* BOADeviceAndAppFraudController.m */,
				7443CD2023800A61000F6884 /* BOASDKManifestController.h */,
				7443CD2123800A61000F6884 /* BOASDKManifestController.m */,
			);
			path = Controllers;
			sourceTree = "<group>";
		};
		74A92C9022EB07EB006BE5AD /* BlotoutAnalyticsTVOS */ = {
			isa = PBXGroup;
			children = (
				74A92C9122EB07EB006BE5AD /* BlotoutAnalyticsTVOS.h */,
				74A92C9222EB07EB006BE5AD /* BlotoutAnalyticsTVOS.m */,
			);
			path = BlotoutAnalyticsTVOS;
			sourceTree = "<group>";
		};
		74A92CA622EB07FD006BE5AD /* BlotoutAnalyticsWatchOS */ = {
			isa = PBXGroup;
			children = (
				74A92CA722EB07FD006BE5AD /* BlotoutAnalyticsWatchOS.h */,
				74A92CA822EB07FD006BE5AD /* BlotoutAnalyticsWatchOS.m */,
			);
			path = BlotoutAnalyticsWatchOS;
			sourceTree = "<group>";
		};
		74A92CB322EB0811006BE5AD /* BlotoutAnalyticsMacOS */ = {
			isa = PBXGroup;
			children = (
				74A92CB422EB0811006BE5AD /* BlotoutAnalyticsMacOS.h */,
				74A92CB622EB0811006BE5AD /* BlotoutAnalyticsMacOS.m */,
			);
			path = BlotoutAnalyticsMacOS;
			sourceTree = "<group>";
		};
		74A92D7C22EB0B13006BE5AD /* BlotoutAnalyticsAll */ = {
			isa = PBXGroup;
			children = (
				2B4F8D53250A28EF00D6B877 /* Constants */,
				749493342363725E0030EE3E /* Controllers */,
				2BCB86C32312AC5E00AD2390 /* Network */,
				2BCB8699230EF63000AD2390 /* Utilities */,
				2BCEA25A22F0B16800EBA2F2 /* Extention */,
				74A92D8322EB0B13006BE5AD /* Models */,
				74A92D8822EB0B13006BE5AD /* Storage */,
				74A92D9222EB0B13006BE5AD /* Events */,
			);
			path = BlotoutAnalyticsAll;
			sourceTree = "<group>";
		};
		74A92D8322EB0B13006BE5AD /* Models */ = {
			isa = PBXGroup;
			children = (
				2B22B768260850B50039F05B /* BOASDKManifest.h */,
				2B22B769260850B50039F05B /* BOASDKManifest.m */,
				2B22B778260850EF0039F05B /* BOACaptureModel.h */,
				2B22B779260850EF0039F05B /* BOACaptureModel.m */,
			);
			path = Models;
			sourceTree = "<group>";
		};
		74A92D8822EB0B13006BE5AD /* Storage */ = {
			isa = PBXGroup;
			children = (
				74A92D8B22EB0B13006BE5AD /* BOAUserDefaultsStorage.h */,
				74A92D8D22EB0B13006BE5AD /* BOAUserDefaultsStorage.m */,
				2B22B78326087A8C0039F05B /* BOAStorage.h */,
				2B22B784260881300039F05B /* BOAFileStorage.h */,
				2B22B785260881300039F05B /* BOAFileStorage.m */,
				2B22B79426088A410039F05B /* BOACrypto.h */,
				2B22B79526088AA60039F05B /* BOAAESCrypto.h */,
				2B22B79626088AA60039F05B /* BOAAESCrypto.m */,
			);
			path = Storage;
			sourceTree = "<group>";
		};
		74A92D9222EB0B13006BE5AD /* Events */ = {
			isa = PBXGroup;
			children = (
				74A92D9522EB0B13006BE5AD /* BOADeveloperEvents.m */,
				74A92D9C22EB0B13006BE5AD /* BOADeveloperEvents.h */,
				2B22B75926084DF20039F05B /* BOAEventsManager.h */,
				2B22B75A26084DF20039F05B /* BOAEventsManager.m */,
				2B22B93F2613684C0039F05B /* BOASystemEvents.h */,
				2B22B9402613684C0039F05B /* BOASystemEvents.m */,
			);
			path = Events;
			sourceTree = "<group>";
		};
		E843AD3F249E0791006C10CE /* BlotoutAnalyticsTests */ = {
			isa = PBXGroup;
			children = (
				E843AD40249E0791006C10CE /* BlotoutAnalyticsTests.m */,
				E87ADEF924C00BF8001BCAB3 /* BOASDKManifestControllerTests.m */,
				E8E4691D250C9A8F00F35951 /* BOFFileSystemManagerTests.m */,
				E843AD42249E0791006C10CE /* Info.plist */,
				2B4F8DB2250D10FA00D6B877 /* BOSDKAPITests.m */,
				2B4F8DB7250E1D9D00D6B877 /* BOAUtilitiesTests.m */,
				E8677D1E256B810B00CF62D2 /* BOSharedManagerTests.m */,
				E8677D34256B91D500CF62D2 /* BOEncryptionManagerTests.m */,
				E8677D3C256B9A7100CF62D2 /* BOServerDataConverterTests.m */,
				E8677D44256BA66900CF62D2 /* BOEventsOperationExecutorTests.m */,
				E877963C2588B81C00EFA7D6 /* BONetworkManagerTests.m */,
				E81641E2258DD07800B53A61 /* UIViewControllerExtensionsTests.m */,
			);
			path = BlotoutAnalyticsTests;
			sourceTree = "<group>";
		};
/* End PBXGroup section */

/* Begin PBXHeadersBuildPhase section */
		74A92CAE22EB0811006BE5AD /* Headers */ = {
			isa = PBXHeadersBuildPhase;
			buildActionMask = 2147483647;
			files = (
			);
			runOnlyForDeploymentPostprocessing = 0;
		};
/* End PBXHeadersBuildPhase section */

/* Begin PBXNativeTarget section */
		7435E8C022E99062008480B8 /* BlotoutAnalytics */ = {
			isa = PBXNativeTarget;
			buildConfigurationList = 7435E8CA22E99062008480B8 /* Build configuration list for PBXNativeTarget "BlotoutAnalytics" */;
			buildPhases = (
				7435E8BD22E99062008480B8 /* Sources */,
				7435E8BE22E99062008480B8 /* Frameworks */,
				7435E8BF22E99062008480B8 /* CopyFiles */,
			);
			buildRules = (
			);
			dependencies = (
				7435E8D722E990C2008480B8 /* PBXTargetDependency */,
			);
			name = BlotoutAnalytics;
			productName = BlotoutAnalytics;
			productReference = 7435E8C122E99062008480B8 /* libBlotoutAnalytics.a */;
			productType = "com.apple.product-type.library.static";
		};
		74A92C8E22EB07EB006BE5AD /* BlotoutAnalyticsTVOS */ = {
			isa = PBXNativeTarget;
			buildConfigurationList = 74A92C9E22EB07EB006BE5AD /* Build configuration list for PBXNativeTarget "BlotoutAnalyticsTVOS" */;
			buildPhases = (
				74A92C8B22EB07EB006BE5AD /* Sources */,
				74A92C8C22EB07EB006BE5AD /* Frameworks */,
				74A92C8D22EB07EB006BE5AD /* CopyFiles */,
			);
			buildRules = (
			);
			dependencies = (
				74A92D6622EB0980006BE5AD /* PBXTargetDependency */,
			);
			name = BlotoutAnalyticsTVOS;
			productName = BlotoutAnalyticsTVOS;
			productReference = 74A92C8F22EB07EB006BE5AD /* libBlotoutAnalyticsTVOS.a */;
			productType = "com.apple.product-type.library.static";
		};
		74A92CA422EB07FD006BE5AD /* BlotoutAnalyticsWatchOS */ = {
			isa = PBXNativeTarget;
			buildConfigurationList = 74A92CAB22EB07FD006BE5AD /* Build configuration list for PBXNativeTarget "BlotoutAnalyticsWatchOS" */;
			buildPhases = (
				74A92CA122EB07FD006BE5AD /* Sources */,
				74A92CA222EB07FD006BE5AD /* Frameworks */,
				74A92CA322EB07FD006BE5AD /* CopyFiles */,
			);
			buildRules = (
			);
			dependencies = (
				74A92D6922EB0991006BE5AD /* PBXTargetDependency */,
			);
			name = BlotoutAnalyticsWatchOS;
			productName = BlotoutAnalyticsWatchOS;
			productReference = 74A92CA522EB07FD006BE5AD /* libBlotoutAnalyticsWatchOS.a */;
			productType = "com.apple.product-type.library.static";
		};
		74A92CB122EB0811006BE5AD /* BlotoutAnalyticsMacOS */ = {
			isa = PBXNativeTarget;
			buildConfigurationList = 74A92CB822EB0811006BE5AD /* Build configuration list for PBXNativeTarget "BlotoutAnalyticsMacOS" */;
			buildPhases = (
				74A92CAE22EB0811006BE5AD /* Headers */,
				74A92CAF22EB0811006BE5AD /* Sources */,
				74A92CB022EB0811006BE5AD /* Frameworks */,
			);
			buildRules = (
			);
			dependencies = (
				74A92D6C22EB09A0006BE5AD /* PBXTargetDependency */,
			);
			name = BlotoutAnalyticsMacOS;
			productName = BlotoutAnalyticsMacOS;
			productReference = 74A92CB222EB0811006BE5AD /* libBlotoutAnalyticsMacOS.a */;
			productType = "com.apple.product-type.library.static";
		};
		E843AD3D249E0791006C10CE /* BlotoutAnalyticsTests */ = {
			isa = PBXNativeTarget;
			buildConfigurationList = E843AD48249E0791006C10CE /* Build configuration list for PBXNativeTarget "BlotoutAnalyticsTests" */;
			buildPhases = (
				E843AD3A249E0791006C10CE /* Sources */,
				E843AD3B249E0791006C10CE /* Frameworks */,
				E843AD3C249E0791006C10CE /* Resources */,
			);
			buildRules = (
			);
			dependencies = (
				E843AD45249E0791006C10CE /* PBXTargetDependency */,
			);
			name = BlotoutAnalyticsTests;
			productName = BlotoutAnalyticsTests;
			productReference = E843AD3E249E0791006C10CE /* BlotoutAnalyticsTests.xctest */;
			productType = "com.apple.product-type.bundle.unit-test";
		};
/* End PBXNativeTarget section */

/* Begin PBXProject section */
		7435E8B922E99062008480B8 /* Project object */ = {
			isa = PBXProject;
			attributes = {
				LastUpgradeCheck = 1030;
				ORGANIZATIONNAME = Blotout;
				TargetAttributes = {
					7435E8C022E99062008480B8 = {
						CreatedOnToolsVersion = 10.3;
					};
					74A92C8E22EB07EB006BE5AD = {
						CreatedOnToolsVersion = 10.3;
					};
					74A92CA422EB07FD006BE5AD = {
						CreatedOnToolsVersion = 10.3;
					};
					74A92CB122EB0811006BE5AD = {
						CreatedOnToolsVersion = 10.3;
					};
					E843AD3D249E0791006C10CE = {
						CreatedOnToolsVersion = 11.1;
					};
					E8D4E71724F28A6600BBB3EB = {
						CreatedOnToolsVersion = 11.1;
					};
				};
			};
			buildConfigurationList = 7435E8BC22E99062008480B8 /* Build configuration list for PBXProject "BlotoutAnalytics" */;
			compatibilityVersion = "Xcode 9.3";
			developmentRegion = en;
			hasScannedForEncodings = 0;
			knownRegions = (
				en,
				Base,
			);
			mainGroup = 7435E8B822E99062008480B8;
			productRefGroup = 7435E8C222E99062008480B8 /* Products */;
			projectDirPath = "";
			projectReferences = (
				{
					ProductGroup = 7435E8D122E990A4008480B8 /* Products */;
					ProjectRef = 7435E8D022E990A4008480B8 /* BlotoutFoundation.xcodeproj */;
				},
			);
			projectRoot = "";
			targets = (
				7435E8C022E99062008480B8 /* BlotoutAnalytics */,
				74A92C8E22EB07EB006BE5AD /* BlotoutAnalyticsTVOS */,
				74A92CA422EB07FD006BE5AD /* BlotoutAnalyticsWatchOS */,
				74A92CB122EB0811006BE5AD /* BlotoutAnalyticsMacOS */,
				E843AD3D249E0791006C10CE /* BlotoutAnalyticsTests */,
				E8D4E71724F28A6600BBB3EB /* UniversalLib */,
			);
		};
/* End PBXProject section */

/* Begin PBXReferenceProxy section */
		7435E8D522E990A4008480B8 /* libBlotoutFoundation.a */ = {
			isa = PBXReferenceProxy;
			fileType = archive.ar;
			path = libBlotoutFoundation.a;
			remoteRef = 7435E8D422E990A4008480B8 /* PBXContainerItemProxy */;
			sourceTree = BUILT_PRODUCTS_DIR;
		};
		74A92C9922EB07EB006BE5AD /* libBlotoutFoundationTVOS.a */ = {
			isa = PBXReferenceProxy;
			fileType = archive.ar;
			path = libBlotoutFoundationTVOS.a;
			remoteRef = 74A92C9822EB07EB006BE5AD /* PBXContainerItemProxy */;
			sourceTree = BUILT_PRODUCTS_DIR;
		};
		74A92C9B22EB07EB006BE5AD /* libBlotoutFoundationWatchOS.a */ = {
			isa = PBXReferenceProxy;
			fileType = archive.ar;
			path = libBlotoutFoundationWatchOS.a;
			remoteRef = 74A92C9A22EB07EB006BE5AD /* PBXContainerItemProxy */;
			sourceTree = BUILT_PRODUCTS_DIR;
		};
		74A92C9D22EB07EB006BE5AD /* libBlotoutFoundationMacOS.a */ = {
			isa = PBXReferenceProxy;
			fileType = archive.ar;
			path = libBlotoutFoundationMacOS.a;
			remoteRef = 74A92C9C22EB07EB006BE5AD /* PBXContainerItemProxy */;
			sourceTree = BUILT_PRODUCTS_DIR;
		};
/* End PBXReferenceProxy section */

/* Begin PBXResourcesBuildPhase section */
		E843AD3C249E0791006C10CE /* Resources */ = {
			isa = PBXResourcesBuildPhase;
			buildActionMask = 2147483647;
			files = (
			);
			runOnlyForDeploymentPostprocessing = 0;
		};
/* End PBXResourcesBuildPhase section */

/* Begin PBXShellScriptBuildPhase section */
		E8D4E71B24F28A7D00BBB3EB /* ShellScript */ = {
			isa = PBXShellScriptBuildPhase;
			buildActionMask = 2147483647;
			files = (
			);
			inputFileListPaths = (
			);
			inputPaths = (
			);
			outputFileListPaths = (
			);
			outputPaths = (
			);
			runOnlyForDeploymentPostprocessing = 0;
			shellPath = /bin/sh;
			shellScript = "# define output folder environment variable\nUNIVERSAL_OUTPUTFOLDER=${BUILD_DIR}/${CONFIGURATION}-universal\n\n# Step 1. Build Device and Simulator versions\nxcodebuild OTHER_CFLAGS=\"-fembed-bitcode\" BITCODE_GENERATION_MODE=\"bitcode\" -target BlotoutAnalytics -arch arm64 -arch armv7 -arch armv7s ONLY_ACTIVE_ARCH=NO VALID_ARCHS=\"arm64 armv7 armv7s\" -configuration ${CONFIGURATION} -sdk iphoneos  BUILD_DIR=\"${BUILD_DIR}\" BUILD_ROOT=\"${BUILD_ROOT}\"\n\nxcodebuild OTHER_CFLAGS=\"-fembed-bitcode\" BITCODE_GENERATION_MODE=\"bitcode\" -target BlotoutAnalytics -arch x86_64 ONLY_ACTIVE_ARCH=NO VALID_ARCHS=\"x86_64\" -configuration ${CONFIGURATION} -sdk iphonesimulator BUILD_DIR=\"${BUILD_DIR}\" BUILD_ROOT=\"${BUILD_ROOT}\"\n\n\n# make sure the output directory exists\nmkdir -p \"${UNIVERSAL_OUTPUTFOLDER}\"\n\n# Step 2. Create universal binary file using lipo\nlipo -create -output \"${UNIVERSAL_OUTPUTFOLDER}/lib${PROJECT_NAME}.a\" \"${BUILD_DIR}/${CONFIGURATION}-iphoneos/lib${PROJECT_NAME}.a\" \"${BUILD_DIR}/${CONFIGURATION}-iphonesimulator/lib${PROJECT_NAME}.a\"\n\n# Last touch. copy the header files. Just for convenience\ncp -R \"${BUILD_DIR}/${CONFIGURATION}-iphoneos/include\" \"${UNIVERSAL_OUTPUTFOLDER}/\"\n\n";
		};
/* End PBXShellScriptBuildPhase section */

/* Begin PBXSourcesBuildPhase section */
		7435E8BD22E99062008480B8 /* Sources */ = {
			isa = PBXSourcesBuildPhase;
			buildActionMask = 2147483647;
			files = (
				2B22B79726088AA60039F05B /* BOAAESCrypto.m in Sources */,
				7443CD2223800A61000F6884 /* BOASDKManifestController.m in Sources */,
				2B4F8D58250A28EF00D6B877 /* BOANetworkConstants.m in Sources */,
				2B22B9412613684C0039F05B /* BOASystemEvents.m in Sources */,
				2B4F8D52250A170300D6B877 /* BOManifestAPI.m in Sources */,
				7435E8C622E99062008480B8 /* BlotoutAnalytics.m in Sources */,
				2B22B77A260850EF0039F05B /* BOACaptureModel.m in Sources */,
				2B22B92B2612D6470039F05B /* BOAStoreKitController.m in Sources */,
				2B22B786260881300039F05B /* BOAFileStorage.m in Sources */,
				2B22B8892610AB5A0039F05B /* BOADeviceAndAppFraudController.m in Sources */,
				2BCB876C23212AA300AD2390 /* BOEventPostAPI.m in Sources */,
				2BCB876323212A3B00AD2390 /* BONetworkManager.m in Sources */,
				2BC70BB5251C948400A8A068 /* BOEventsOperationExecutor.m in Sources */,
				2B71D6A225FBB2F0003D5186 /* BlotoutAnalyticsConfiguration.m in Sources */,
				E83782DD24684BCD00FA9F48 /* BOServerDataConverter.m in Sources */,
				2B22B76A260850B50039F05B /* BOASDKManifest.m in Sources */,
				2BFA1978251A722F008DE9F4 /* BOEncryptionManager.m in Sources */,
				2B22B7F3260911FF0039F05B /* BOAEventsManager.m in Sources */,
				2BCB8693230E8D4700AD2390 /* BOSharedManager.m in Sources */,
				2B22B8E12610FFC10039F05B /* NSError+BOAdditions.m in Sources */,
				74A92DA922EB0B13006BE5AD /* BOAUserDefaultsStorage.m in Sources */,
				2BCB876823212A7B00AD2390 /* BOBaseAPI.m in Sources */,
				2BCEA25D22F0B18B00EBA2F2 /* UIViewController+Extensions.m in Sources */,
				74A92DB122EB0B13006BE5AD /* BOADeveloperEvents.m in Sources */,
				2BCB869C230EF63000AD2390 /* BOAUtilities.m in Sources */,
			);
			runOnlyForDeploymentPostprocessing = 0;
		};
		74A92C8B22EB07EB006BE5AD /* Sources */ = {
			isa = PBXSourcesBuildPhase;
			buildActionMask = 2147483647;
			files = (
				2B22B9422613684C0039F05B /* BOASystemEvents.m in Sources */,
				7443CD2323800A61000F6884 /* BOASDKManifestController.m in Sources */,
				74A92D5F22EB08A0006BE5AD /* BlotoutAnalytics.m in Sources */,
				2BCB876D23212AA300AD2390 /* BOEventPostAPI.m in Sources */,
				2B22B92C2612D6470039F05B /* BOAStoreKitController.m in Sources */,
				2BCB876423212A3B00AD2390 /* BONetworkManager.m in Sources */,
				2B22B77B260850EF0039F05B /* BOACaptureModel.m in Sources */,
				2B22B76B260850B50039F05B /* BOASDKManifest.m in Sources */,
				2B22B75B26084DF20039F05B /* BOAEventsManager.m in Sources */,
				2B22B8E22610FFC10039F05B /* NSError+BOAdditions.m in Sources */,
				2B22B88A2610AB5A0039F05B /* BOADeviceAndAppFraudController.m in Sources */,
				2BCB8694230E8D4700AD2390 /* BOSharedManager.m in Sources */,
				2B22B79826088AA60039F05B /* BOAAESCrypto.m in Sources */,
				74A92DAA22EB0B13006BE5AD /* BOAUserDefaultsStorage.m in Sources */,
				2BCB876923212A7B00AD2390 /* BOBaseAPI.m in Sources */,
				2BCEA25E22F0B18B00EBA2F2 /* UIViewController+Extensions.m in Sources */,
				74A92DB222EB0B13006BE5AD /* BOADeveloperEvents.m in Sources */,
				2B22B787260881300039F05B /* BOAFileStorage.m in Sources */,
				2BCB869D230EF63000AD2390 /* BOAUtilities.m in Sources */,
			);
			runOnlyForDeploymentPostprocessing = 0;
		};
		74A92CA122EB07FD006BE5AD /* Sources */ = {
			isa = PBXSourcesBuildPhase;
			buildActionMask = 2147483647;
			files = (
			);
			runOnlyForDeploymentPostprocessing = 0;
		};
		74A92CAF22EB0811006BE5AD /* Sources */ = {
			isa = PBXSourcesBuildPhase;
			buildActionMask = 2147483647;
			files = (
			);
			runOnlyForDeploymentPostprocessing = 0;
		};
		E843AD3A249E0791006C10CE /* Sources */ = {
			isa = PBXSourcesBuildPhase;
			buildActionMask = 2147483647;
			files = (
				E8677D35256B91D500CF62D2 /* BOEncryptionManagerTests.m in Sources */,
				E8677D1F256B810B00CF62D2 /* BOSharedManagerTests.m in Sources */,
				E877963D2588B81C00EFA7D6 /* BONetworkManagerTests.m in Sources */,
				E87ADEFA24C00BF8001BCAB3 /* BOASDKManifestControllerTests.m in Sources */,
				E8E4691E250C9A8F00F35951 /* BOFFileSystemManagerTests.m in Sources */,
				E81641E3258DD07800B53A61 /* UIViewControllerExtensionsTests.m in Sources */,
				2B4F8DB3250D10FA00D6B877 /* BOSDKAPITests.m in Sources */,
				E8677D45256BA66900CF62D2 /* BOEventsOperationExecutorTests.m in Sources */,
				E8677D3D256B9A7100CF62D2 /* BOServerDataConverterTests.m in Sources */,
				2B4F8DB8250E1D9D00D6B877 /* BOAUtilitiesTests.m in Sources */,
				E843AD41249E0791006C10CE /* BlotoutAnalyticsTests.m in Sources */,
			);
			runOnlyForDeploymentPostprocessing = 0;
		};
/* End PBXSourcesBuildPhase section */

/* Begin PBXTargetDependency section */
		7435E8D722E990C2008480B8 /* PBXTargetDependency */ = {
			isa = PBXTargetDependency;
			name = BlotoutFoundation;
			targetProxy = 7435E8D622E990C2008480B8 /* PBXContainerItemProxy */;
		};
		74A92D6622EB0980006BE5AD /* PBXTargetDependency */ = {
			isa = PBXTargetDependency;
			name = BlotoutFoundationTVOS;
			targetProxy = 74A92D6522EB0980006BE5AD /* PBXContainerItemProxy */;
		};
		74A92D6922EB0991006BE5AD /* PBXTargetDependency */ = {
			isa = PBXTargetDependency;
			name = BlotoutFoundationWatchOS;
			targetProxy = 74A92D6822EB0991006BE5AD /* PBXContainerItemProxy */;
		};
		74A92D6C22EB09A0006BE5AD /* PBXTargetDependency */ = {
			isa = PBXTargetDependency;
			name = BlotoutFoundationMacOS;
			targetProxy = 74A92D6B22EB09A0006BE5AD /* PBXContainerItemProxy */;
		};
		E843AD45249E0791006C10CE /* PBXTargetDependency */ = {
			isa = PBXTargetDependency;
			target = 7435E8C022E99062008480B8 /* BlotoutAnalytics */;
			targetProxy = E843AD44249E0791006C10CE /* PBXContainerItemProxy */;
		};
/* End PBXTargetDependency section */

/* Begin XCBuildConfiguration section */
		7435E8C822E99062008480B8 /* Debug */ = {
			isa = XCBuildConfiguration;
			buildSettings = {
				ALWAYS_SEARCH_USER_PATHS = NO;
				BITCODE_GENERATION_MODE = bitcode;
				CLANG_ANALYZER_NONNULL = YES;
				CLANG_ANALYZER_NUMBER_OBJECT_CONVERSION = YES_AGGRESSIVE;
				CLANG_CXX_LANGUAGE_STANDARD = "gnu++14";
				CLANG_CXX_LIBRARY = "libc++";
				CLANG_ENABLE_MODULES = YES;
				CLANG_ENABLE_OBJC_ARC = YES;
				CLANG_ENABLE_OBJC_WEAK = YES;
				CLANG_WARN_BLOCK_CAPTURE_AUTORELEASING = YES;
				CLANG_WARN_BOOL_CONVERSION = YES;
				CLANG_WARN_COMMA = YES;
				CLANG_WARN_CONSTANT_CONVERSION = YES;
				CLANG_WARN_DEPRECATED_OBJC_IMPLEMENTATIONS = YES;
				CLANG_WARN_DIRECT_OBJC_ISA_USAGE = YES_ERROR;
				CLANG_WARN_DOCUMENTATION_COMMENTS = YES;
				CLANG_WARN_EMPTY_BODY = YES;
				CLANG_WARN_ENUM_CONVERSION = YES;
				CLANG_WARN_INFINITE_RECURSION = YES;
				CLANG_WARN_INT_CONVERSION = YES;
				CLANG_WARN_NON_LITERAL_NULL_CONVERSION = YES;
				CLANG_WARN_OBJC_IMPLICIT_RETAIN_SELF = YES;
				CLANG_WARN_OBJC_LITERAL_CONVERSION = YES;
				CLANG_WARN_OBJC_ROOT_CLASS = YES_ERROR;
				CLANG_WARN_RANGE_LOOP_ANALYSIS = YES;
				CLANG_WARN_STRICT_PROTOTYPES = YES;
				CLANG_WARN_SUSPICIOUS_MOVE = YES;
				CLANG_WARN_UNGUARDED_AVAILABILITY = YES_AGGRESSIVE;
				CLANG_WARN_UNREACHABLE_CODE = YES;
				CLANG_WARN__DUPLICATE_METHOD_MATCH = YES;
				CODE_SIGN_IDENTITY = "iPhone Developer";
				COPY_PHASE_STRIP = NO;
				DEBUG_INFORMATION_FORMAT = dwarf;
				ENABLE_STRICT_OBJC_MSGSEND = YES;
				ENABLE_TESTABILITY = YES;
				GCC_C_LANGUAGE_STANDARD = gnu11;
				GCC_DYNAMIC_NO_PIC = NO;
				GCC_NO_COMMON_BLOCKS = YES;
				GCC_OPTIMIZATION_LEVEL = 0;
				GCC_PREPROCESSOR_DEFINITIONS = (
					"DEBUG=1",
					"$(inherited)",
				);
				GCC_WARN_64_TO_32_BIT_CONVERSION = YES;
				GCC_WARN_ABOUT_RETURN_TYPE = YES_ERROR;
				GCC_WARN_UNDECLARED_SELECTOR = YES;
				GCC_WARN_UNINITIALIZED_AUTOS = YES_AGGRESSIVE;
				GCC_WARN_UNUSED_FUNCTION = YES;
				GCC_WARN_UNUSED_VARIABLE = YES;
				IPHONEOS_DEPLOYMENT_TARGET = 9.0;
				MTL_ENABLE_DEBUG_INFO = INCLUDE_SOURCE;
				MTL_FAST_MATH = YES;
				ONLY_ACTIVE_ARCH = YES;
				SDKROOT = iphoneos;
			};
			name = Debug;
		};
		7435E8C922E99062008480B8 /* Release */ = {
			isa = XCBuildConfiguration;
			buildSettings = {
				ALWAYS_SEARCH_USER_PATHS = NO;
				BITCODE_GENERATION_MODE = bitcode;
				CLANG_ANALYZER_NONNULL = YES;
				CLANG_ANALYZER_NUMBER_OBJECT_CONVERSION = YES_AGGRESSIVE;
				CLANG_CXX_LANGUAGE_STANDARD = "gnu++14";
				CLANG_CXX_LIBRARY = "libc++";
				CLANG_ENABLE_MODULES = YES;
				CLANG_ENABLE_OBJC_ARC = YES;
				CLANG_ENABLE_OBJC_WEAK = YES;
				CLANG_WARN_BLOCK_CAPTURE_AUTORELEASING = YES;
				CLANG_WARN_BOOL_CONVERSION = YES;
				CLANG_WARN_COMMA = YES;
				CLANG_WARN_CONSTANT_CONVERSION = YES;
				CLANG_WARN_DEPRECATED_OBJC_IMPLEMENTATIONS = YES;
				CLANG_WARN_DIRECT_OBJC_ISA_USAGE = YES_ERROR;
				CLANG_WARN_DOCUMENTATION_COMMENTS = YES;
				CLANG_WARN_EMPTY_BODY = YES;
				CLANG_WARN_ENUM_CONVERSION = YES;
				CLANG_WARN_INFINITE_RECURSION = YES;
				CLANG_WARN_INT_CONVERSION = YES;
				CLANG_WARN_NON_LITERAL_NULL_CONVERSION = YES;
				CLANG_WARN_OBJC_IMPLICIT_RETAIN_SELF = YES;
				CLANG_WARN_OBJC_LITERAL_CONVERSION = YES;
				CLANG_WARN_OBJC_ROOT_CLASS = YES_ERROR;
				CLANG_WARN_RANGE_LOOP_ANALYSIS = YES;
				CLANG_WARN_STRICT_PROTOTYPES = YES;
				CLANG_WARN_SUSPICIOUS_MOVE = YES;
				CLANG_WARN_UNGUARDED_AVAILABILITY = YES_AGGRESSIVE;
				CLANG_WARN_UNREACHABLE_CODE = YES;
				CLANG_WARN__DUPLICATE_METHOD_MATCH = YES;
				CODE_SIGN_IDENTITY = "iPhone Developer";
				COPY_PHASE_STRIP = NO;
				DEBUG_INFORMATION_FORMAT = "dwarf-with-dsym";
				ENABLE_NS_ASSERTIONS = NO;
				ENABLE_STRICT_OBJC_MSGSEND = YES;
				GCC_C_LANGUAGE_STANDARD = gnu11;
				GCC_NO_COMMON_BLOCKS = YES;
				GCC_WARN_64_TO_32_BIT_CONVERSION = YES;
				GCC_WARN_ABOUT_RETURN_TYPE = YES_ERROR;
				GCC_WARN_UNDECLARED_SELECTOR = YES;
				GCC_WARN_UNINITIALIZED_AUTOS = YES_AGGRESSIVE;
				GCC_WARN_UNUSED_FUNCTION = YES;
				GCC_WARN_UNUSED_VARIABLE = YES;
				IPHONEOS_DEPLOYMENT_TARGET = 9.0;
				MTL_ENABLE_DEBUG_INFO = NO;
				MTL_FAST_MATH = YES;
				SDKROOT = iphoneos;
				VALIDATE_PRODUCT = YES;
			};
			name = Release;
		};
		7435E8CB22E99062008480B8 /* Debug */ = {
			isa = XCBuildConfiguration;
			buildSettings = {
				CODE_SIGN_STYLE = Automatic;
				DEVELOPMENT_TEAM = 6AX2KV37GF;
				OTHER_LDFLAGS = "-ObjC";
				PRODUCT_NAME = "$(TARGET_NAME)";
				SKIP_INSTALL = YES;
				TARGETED_DEVICE_FAMILY = "1,2";
			};
			name = Debug;
		};
		7435E8CC22E99062008480B8 /* Release */ = {
			isa = XCBuildConfiguration;
			buildSettings = {
				CODE_SIGN_STYLE = Automatic;
				DEVELOPMENT_TEAM = 6AX2KV37GF;
				OTHER_LDFLAGS = "-ObjC";
				PRODUCT_NAME = "$(TARGET_NAME)";
				SKIP_INSTALL = YES;
				TARGETED_DEVICE_FAMILY = "1,2";
			};
			name = Release;
		};
		74A92C9F22EB07EB006BE5AD /* Debug */ = {
			isa = XCBuildConfiguration;
			buildSettings = {
				CODE_SIGN_STYLE = Automatic;
				DEVELOPMENT_TEAM = 6AX2KV37GF;
				OTHER_LDFLAGS = "-ObjC";
				PRODUCT_NAME = "$(TARGET_NAME)";
				SDKROOT = appletvos;
				SKIP_INSTALL = YES;
				TARGETED_DEVICE_FAMILY = 3;
				TVOS_DEPLOYMENT_TARGET = 12.4;
			};
			name = Debug;
		};
		74A92CA022EB07EB006BE5AD /* Release */ = {
			isa = XCBuildConfiguration;
			buildSettings = {
				CODE_SIGN_STYLE = Automatic;
				DEVELOPMENT_TEAM = 6AX2KV37GF;
				OTHER_LDFLAGS = "-ObjC";
				PRODUCT_NAME = "$(TARGET_NAME)";
				SDKROOT = appletvos;
				SKIP_INSTALL = YES;
				TARGETED_DEVICE_FAMILY = 3;
				TVOS_DEPLOYMENT_TARGET = 12.4;
			};
			name = Release;
		};
		74A92CAC22EB07FD006BE5AD /* Debug */ = {
			isa = XCBuildConfiguration;
			buildSettings = {
				CODE_SIGN_STYLE = Automatic;
				DEVELOPMENT_TEAM = 6AX2KV37GF;
				OTHER_LDFLAGS = "-ObjC";
				PRODUCT_NAME = "$(TARGET_NAME)";
				SDKROOT = watchos;
				SKIP_INSTALL = YES;
				TARGETED_DEVICE_FAMILY = 4;
				WATCHOS_DEPLOYMENT_TARGET = 5.3;
			};
			name = Debug;
		};
		74A92CAD22EB07FD006BE5AD /* Release */ = {
			isa = XCBuildConfiguration;
			buildSettings = {
				CODE_SIGN_STYLE = Automatic;
				DEVELOPMENT_TEAM = 6AX2KV37GF;
				OTHER_LDFLAGS = "-ObjC";
				PRODUCT_NAME = "$(TARGET_NAME)";
				SDKROOT = watchos;
				SKIP_INSTALL = YES;
				TARGETED_DEVICE_FAMILY = 4;
				WATCHOS_DEPLOYMENT_TARGET = 5.3;
			};
			name = Release;
		};
		74A92CB922EB0811006BE5AD /* Debug */ = {
			isa = XCBuildConfiguration;
			buildSettings = {
				CODE_SIGN_IDENTITY = "Mac Developer";
				CODE_SIGN_STYLE = Automatic;
				DEVELOPMENT_TEAM = 6AX2KV37GF;
				EXECUTABLE_PREFIX = lib;
				MACOSX_DEPLOYMENT_TARGET = 10.14;
				PRODUCT_NAME = "$(TARGET_NAME)";
				SDKROOT = macosx;
				SKIP_INSTALL = YES;
			};
			name = Debug;
		};
		74A92CBA22EB0811006BE5AD /* Release */ = {
			isa = XCBuildConfiguration;
			buildSettings = {
				CODE_SIGN_IDENTITY = "Mac Developer";
				CODE_SIGN_STYLE = Automatic;
				DEVELOPMENT_TEAM = 6AX2KV37GF;
				EXECUTABLE_PREFIX = lib;
				MACOSX_DEPLOYMENT_TARGET = 10.14;
				PRODUCT_NAME = "$(TARGET_NAME)";
				SDKROOT = macosx;
				SKIP_INSTALL = YES;
			};
			name = Release;
		};
		E843AD46249E0791006C10CE /* Debug */ = {
			isa = XCBuildConfiguration;
			buildSettings = {
				CODE_SIGN_STYLE = Automatic;
				INFOPLIST_FILE = BlotoutAnalyticsTests/Info.plist;
				IPHONEOS_DEPLOYMENT_TARGET = 13.1;
				LD_RUNPATH_SEARCH_PATHS = (
					"$(inherited)",
					"@executable_path/Frameworks",
					"@loader_path/Frameworks",
				);
				PRODUCT_BUNDLE_IDENTIFIER = Blotout.BlotoutAnalyticsTests;
				PRODUCT_NAME = "$(TARGET_NAME)";
				TARGETED_DEVICE_FAMILY = "1,2";
			};
			name = Debug;
		};
		E843AD47249E0791006C10CE /* Release */ = {
			isa = XCBuildConfiguration;
			buildSettings = {
				CODE_SIGN_STYLE = Automatic;
				INFOPLIST_FILE = BlotoutAnalyticsTests/Info.plist;
				IPHONEOS_DEPLOYMENT_TARGET = 13.1;
				LD_RUNPATH_SEARCH_PATHS = (
					"$(inherited)",
					"@executable_path/Frameworks",
					"@loader_path/Frameworks",
				);
				PRODUCT_BUNDLE_IDENTIFIER = Blotout.BlotoutAnalyticsTests;
				PRODUCT_NAME = "$(TARGET_NAME)";
				TARGETED_DEVICE_FAMILY = "1,2";
			};
			name = Release;
		};
		E8D4E71824F28A6600BBB3EB /* Debug */ = {
			isa = XCBuildConfiguration;
			buildSettings = {
				CODE_SIGN_STYLE = Automatic;
				PRODUCT_NAME = "$(TARGET_NAME)";
			};
			name = Debug;
		};
		E8D4E71924F28A6600BBB3EB /* Release */ = {
			isa = XCBuildConfiguration;
			buildSettings = {
				CODE_SIGN_STYLE = Automatic;
				PRODUCT_NAME = "$(TARGET_NAME)";
			};
			name = Release;
		};
/* End XCBuildConfiguration section */

/* Begin XCConfigurationList section */
		7435E8BC22E99062008480B8 /* Build configuration list for PBXProject "BlotoutAnalytics" */ = {
			isa = XCConfigurationList;
			buildConfigurations = (
				7435E8C822E99062008480B8 /* Debug */,
				7435E8C922E99062008480B8 /* Release */,
			);
			defaultConfigurationIsVisible = 0;
			defaultConfigurationName = Release;
		};
		7435E8CA22E99062008480B8 /* Build configuration list for PBXNativeTarget "BlotoutAnalytics" */ = {
			isa = XCConfigurationList;
			buildConfigurations = (
				7435E8CB22E99062008480B8 /* Debug */,
				7435E8CC22E99062008480B8 /* Release */,
			);
			defaultConfigurationIsVisible = 0;
			defaultConfigurationName = Release;
		};
		74A92C9E22EB07EB006BE5AD /* Build configuration list for PBXNativeTarget "BlotoutAnalyticsTVOS" */ = {
			isa = XCConfigurationList;
			buildConfigurations = (
				74A92C9F22EB07EB006BE5AD /* Debug */,
				74A92CA022EB07EB006BE5AD /* Release */,
			);
			defaultConfigurationIsVisible = 0;
			defaultConfigurationName = Release;
		};
		74A92CAB22EB07FD006BE5AD /* Build configuration list for PBXNativeTarget "BlotoutAnalyticsWatchOS" */ = {
			isa = XCConfigurationList;
			buildConfigurations = (
				74A92CAC22EB07FD006BE5AD /* Debug */,
				74A92CAD22EB07FD006BE5AD /* Release */,
			);
			defaultConfigurationIsVisible = 0;
			defaultConfigurationName = Release;
		};
		74A92CB822EB0811006BE5AD /* Build configuration list for PBXNativeTarget "BlotoutAnalyticsMacOS" */ = {
			isa = XCConfigurationList;
			buildConfigurations = (
				74A92CB922EB0811006BE5AD /* Debug */,
				74A92CBA22EB0811006BE5AD /* Release */,
			);
			defaultConfigurationIsVisible = 0;
			defaultConfigurationName = Release;
		};
		E843AD48249E0791006C10CE /* Build configuration list for PBXNativeTarget "BlotoutAnalyticsTests" */ = {
			isa = XCConfigurationList;
			buildConfigurations = (
				E843AD46249E0791006C10CE /* Debug */,
				E843AD47249E0791006C10CE /* Release */,
			);
			defaultConfigurationIsVisible = 0;
			defaultConfigurationName = Release;
		};
		E8D4E71A24F28A6700BBB3EB /* Build configuration list for PBXAggregateTarget "UniversalLib" */ = {
			isa = XCConfigurationList;
			buildConfigurations = (
				E8D4E71824F28A6600BBB3EB /* Debug */,
				E8D4E71924F28A6600BBB3EB /* Release */,
			);
			defaultConfigurationIsVisible = 0;
			defaultConfigurationName = Release;
		};
/* End XCConfigurationList section */
	};
	rootObject = 7435E8B922E99062008480B8 /* Project object */;
}
